// !$*UTF8*$!
{
	archiveVersion = 1;
	classes = {
	};
	objectVersion = 46;
	objects = {

/* Begin PBXBuildFile section */
		553420D51A38C5F40089FDC6 /* DistanceBeaconViewController.m in Sources */ = {isa = PBXBuildFile; fileRef = 553420D41A38C5F40089FDC6 /* DistanceBeaconViewController.m */; };
		55386D171A356CE300F8A29F /* main.m in Sources */ = {isa = PBXBuildFile; fileRef = 55386D161A356CE300F8A29F /* main.m */; };
		55386D1A1A356CE300F8A29F /* AppDelegate.m in Sources */ = {isa = PBXBuildFile; fileRef = 55386D191A356CE300F8A29F /* AppDelegate.m */; };
		55386D1D1A356CE300F8A29F /* LocalizationViewController.m in Sources */ = {isa = PBXBuildFile; fileRef = 55386D1C1A356CE300F8A29F /* LocalizationViewController.m */; };
		55386D201A356CE300F8A29F /* FunctionsViewController.m in Sources */ = {isa = PBXBuildFile; fileRef = 55386D1F1A356CE300F8A29F /* FunctionsViewController.m */; };
		55386D231A356CE300F8A29F /* Main.storyboard in Resources */ = {isa = PBXBuildFile; fileRef = 55386D211A356CE300F8A29F /* Main.storyboard */; };
		55386D251A356CE300F8A29F /* Images.xcassets in Resources */ = {isa = PBXBuildFile; fileRef = 55386D241A356CE300F8A29F /* Images.xcassets */; };
		55386D281A356CE300F8A29F /* LaunchScreen.xib in Resources */ = {isa = PBXBuildFile; fileRef = 55386D261A356CE300F8A29F /* LaunchScreen.xib */; };
		55386D341A356CE300F8A29F /* IndoorMapTests.m in Sources */ = {isa = PBXBuildFile; fileRef = 55386D331A356CE300F8A29F /* IndoorMapTests.m */; };
		557664471A36804F00E589C3 /* UIView+ZXQuartz.m in Sources */ = {isa = PBXBuildFile; fileRef = 557664461A36804F00E589C3 /* UIView+ZXQuartz.m */; };
		5576644A1A36808700E589C3 /* Canvas.m in Sources */ = {isa = PBXBuildFile; fileRef = 557664491A36808700E589C3 /* Canvas.m */; };
		5578A16B1A375CC4007CA7FC /* FileManage.m in Sources */ = {isa = PBXBuildFile; fileRef = 5578A16A1A375CC4007CA7FC /* FileManage.m */; };
		557EFC4A1A3CEB9300490228 /* BeaconInfo.m in Sources */ = {isa = PBXBuildFile; fileRef = 557EFC491A3CEB9300490228 /* BeaconInfo.m */; };
		B348A852323DC266F72BFC8A /* libPods.a in Frameworks */ = {isa = PBXBuildFile; fileRef = F17D740DF828EB51A3E18625 /* libPods.a */; };
/* End PBXBuildFile section */

/* Begin PBXContainerItemProxy section */
		55386D2E1A356CE300F8A29F /* PBXContainerItemProxy */ = {
			isa = PBXContainerItemProxy;
			containerPortal = 55386D091A356CE300F8A29F /* Project object */;
			proxyType = 1;
			remoteGlobalIDString = 55386D101A356CE300F8A29F;
			remoteInfo = IndoorMap;
		};
/* End PBXContainerItemProxy section */

/* Begin PBXFileReference section */
		553420D31A38C5F40089FDC6 /* DistanceBeaconViewController.h */ = {isa = PBXFileReference; fileEncoding = 4; lastKnownFileType = sourcecode.c.h; name = DistanceBeaconViewController.h; path = ZXQuartz/DistanceBeaconViewController.h; sourceTree = "<group>"; };
		553420D41A38C5F40089FDC6 /* DistanceBeaconViewController.m */ = {isa = PBXFileReference; fileEncoding = 4; lastKnownFileType = sourcecode.c.objc; name = DistanceBeaconViewController.m; path = ZXQuartz/DistanceBeaconViewController.m; sourceTree = "<group>"; };
		55386D111A356CE300F8A29F /* IndoorMap.app */ = {isa = PBXFileReference; explicitFileType = wrapper.application; includeInIndex = 0; path = IndoorMap.app; sourceTree = BUILT_PRODUCTS_DIR; };
		55386D151A356CE300F8A29F /* Info.plist */ = {isa = PBXFileReference; lastKnownFileType = text.plist.xml; path = Info.plist; sourceTree = "<group>"; };
		55386D161A356CE300F8A29F /* main.m */ = {isa = PBXFileReference; lastKnownFileType = sourcecode.c.objc; path = main.m; sourceTree = "<group>"; };
		55386D181A356CE300F8A29F /* AppDelegate.h */ = {isa = PBXFileReference; lastKnownFileType = sourcecode.c.h; path = AppDelegate.h; sourceTree = "<group>"; };
		55386D191A356CE300F8A29F /* AppDelegate.m */ = {isa = PBXFileReference; lastKnownFileType = sourcecode.c.objc; path = AppDelegate.m; sourceTree = "<group>"; };
		55386D1B1A356CE300F8A29F /* LocalizationViewController.h */ = {isa = PBXFileReference; lastKnownFileType = sourcecode.c.h; path = LocalizationViewController.h; sourceTree = "<group>"; };
		55386D1C1A356CE300F8A29F /* LocalizationViewController.m */ = {isa = PBXFileReference; lastKnownFileType = sourcecode.c.objc; path = LocalizationViewController.m; sourceTree = "<group>"; };
		55386D1E1A356CE300F8A29F /* FunctionsViewController.h */ = {isa = PBXFileReference; lastKnownFileType = sourcecode.c.h; path = FunctionsViewController.h; sourceTree = "<group>"; };
		55386D1F1A356CE300F8A29F /* FunctionsViewController.m */ = {isa = PBXFileReference; lastKnownFileType = sourcecode.c.objc; path = FunctionsViewController.m; sourceTree = "<group>"; };
		55386D221A356CE300F8A29F /* Base */ = {isa = PBXFileReference; lastKnownFileType = file.storyboard; name = Base; path = Base.lproj/Main.storyboard; sourceTree = "<group>"; };
		55386D241A356CE300F8A29F /* Images.xcassets */ = {isa = PBXFileReference; lastKnownFileType = folder.assetcatalog; path = Images.xcassets; sourceTree = "<group>"; };
		55386D271A356CE300F8A29F /* Base */ = {isa = PBXFileReference; lastKnownFileType = file.xib; name = Base; path = Base.lproj/LaunchScreen.xib; sourceTree = "<group>"; };
		55386D2D1A356CE300F8A29F /* IndoorMapTests.xctest */ = {isa = PBXFileReference; explicitFileType = wrapper.cfbundle; includeInIndex = 0; path = IndoorMapTests.xctest; sourceTree = BUILT_PRODUCTS_DIR; };
		55386D321A356CE300F8A29F /* Info.plist */ = {isa = PBXFileReference; lastKnownFileType = text.plist.xml; path = Info.plist; sourceTree = "<group>"; };
		55386D331A356CE300F8A29F /* IndoorMapTests.m */ = {isa = PBXFileReference; lastKnownFileType = sourcecode.c.objc; path = IndoorMapTests.m; sourceTree = "<group>"; };
		557664451A36804F00E589C3 /* UIView+ZXQuartz.h */ = {isa = PBXFileReference; fileEncoding = 4; lastKnownFileType = sourcecode.c.h; path = "UIView+ZXQuartz.h"; sourceTree = "<group>"; };
		557664461A36804F00E589C3 /* UIView+ZXQuartz.m */ = {isa = PBXFileReference; fileEncoding = 4; lastKnownFileType = sourcecode.c.objc; path = "UIView+ZXQuartz.m"; sourceTree = "<group>"; };
		557664481A36808700E589C3 /* Canvas.h */ = {isa = PBXFileReference; fileEncoding = 4; lastKnownFileType = sourcecode.c.h; path = Canvas.h; sourceTree = "<group>"; };
		557664491A36808700E589C3 /* Canvas.m */ = {isa = PBXFileReference; fileEncoding = 4; lastKnownFileType = sourcecode.c.objc; path = Canvas.m; sourceTree = "<group>"; };
		5578A1691A375CC4007CA7FC /* FileManage.h */ = {isa = PBXFileReference; fileEncoding = 4; lastKnownFileType = sourcecode.c.h; path = FileManage.h; sourceTree = "<group>"; };
		5578A16A1A375CC4007CA7FC /* FileManage.m */ = {isa = PBXFileReference; fileEncoding = 4; lastKnownFileType = sourcecode.c.objc; path = FileManage.m; sourceTree = "<group>"; };
		557EFC481A3CEB9300490228 /* BeaconInfo.h */ = {isa = PBXFileReference; fileEncoding = 4; lastKnownFileType = sourcecode.c.h; path = BeaconInfo.h; sourceTree = "<group>"; };
		557EFC491A3CEB9300490228 /* BeaconInfo.m */ = {isa = PBXFileReference; fileEncoding = 4; lastKnownFileType = sourcecode.c.objc; path = BeaconInfo.m; sourceTree = "<group>"; };
		70AD2DE6B8739430F96A6695 /* Pods.release.xcconfig */ = {isa = PBXFileReference; includeInIndex = 1; lastKnownFileType = text.xcconfig; name = Pods.release.xcconfig; path = "Pods/Target Support Files/Pods/Pods.release.xcconfig"; sourceTree = "<group>"; };
		E14F2F421E5888E97D7A6AA4 /* Pods.debug.xcconfig */ = {isa = PBXFileReference; includeInIndex = 1; lastKnownFileType = text.xcconfig; name = Pods.debug.xcconfig; path = "Pods/Target Support Files/Pods/Pods.debug.xcconfig"; sourceTree = "<group>"; };
		F17D740DF828EB51A3E18625 /* libPods.a */ = {isa = PBXFileReference; explicitFileType = archive.ar; includeInIndex = 0; path = libPods.a; sourceTree = BUILT_PRODUCTS_DIR; };
/* End PBXFileReference section */

/* Begin PBXFrameworksBuildPhase section */
		55386D0E1A356CE300F8A29F /* Frameworks */ = {
			isa = PBXFrameworksBuildPhase;
			buildActionMask = 2147483647;
			files = (
				B348A852323DC266F72BFC8A /* libPods.a in Frameworks */,
			);
			runOnlyForDeploymentPostprocessing = 0;
		};
		55386D2A1A356CE300F8A29F /* Frameworks */ = {
			isa = PBXFrameworksBuildPhase;
			buildActionMask = 2147483647;
			files = (
			);
			runOnlyForDeploymentPostprocessing = 0;
		};
/* End PBXFrameworksBuildPhase section */

/* Begin PBXGroup section */
		01B0E48981E3127E79F89155 /* Pods */ = {
			isa = PBXGroup;
			children = (
				E14F2F421E5888E97D7A6AA4 /* Pods.debug.xcconfig */,
				70AD2DE6B8739430F96A6695 /* Pods.release.xcconfig */,
			);
			name = Pods;
			sourceTree = "<group>";
		};
		2E6A42F787F885E35B030A01 /* Frameworks */ = {
			isa = PBXGroup;
			children = (
				F17D740DF828EB51A3E18625 /* libPods.a */,
			);
			name = Frameworks;
			sourceTree = "<group>";
		};
		55386D081A356CE300F8A29F = {
			isa = PBXGroup;
			children = (
				55386D131A356CE300F8A29F /* IndoorMap */,
				55386D301A356CE300F8A29F /* IndoorMapTests */,
				55386D121A356CE300F8A29F /* Products */,
				01B0E48981E3127E79F89155 /* Pods */,
				2E6A42F787F885E35B030A01 /* Frameworks */,
			);
			sourceTree = "<group>";
		};
		55386D121A356CE300F8A29F /* Products */ = {
			isa = PBXGroup;
			children = (
				55386D111A356CE300F8A29F /* IndoorMap.app */,
				55386D2D1A356CE300F8A29F /* IndoorMapTests.xctest */,
			);
			name = Products;
			sourceTree = "<group>";
		};
		55386D131A356CE300F8A29F /* IndoorMap */ = {
			isa = PBXGroup;
			children = (
				557664441A36804F00E589C3 /* ZXQuartz */,
				557EFC481A3CEB9300490228 /* BeaconInfo.h */,
				557EFC491A3CEB9300490228 /* BeaconInfo.m */,
				553420D31A38C5F40089FDC6 /* DistanceBeaconViewController.h */,
				553420D41A38C5F40089FDC6 /* DistanceBeaconViewController.m */,
				55386D181A356CE300F8A29F /* AppDelegate.h */,
				55386D191A356CE300F8A29F /* AppDelegate.m */,
				55386D1B1A356CE300F8A29F /* LocalizationViewController.h */,
				55386D1C1A356CE300F8A29F /* LocalizationViewController.m */,
				55386D1E1A356CE300F8A29F /* FunctionsViewController.h */,
				55386D1F1A356CE300F8A29F /* FunctionsViewController.m */,
				557664481A36808700E589C3 /* Canvas.h */,
				557664491A36808700E589C3 /* Canvas.m */,
				55386D211A356CE300F8A29F /* Main.storyboard */,
				55386D241A356CE300F8A29F /* Images.xcassets */,
				55386D261A356CE300F8A29F /* LaunchScreen.xib */,
				55386D141A356CE300F8A29F /* Supporting Files */,
				5578A1691A375CC4007CA7FC /* FileManage.h */,
				5578A16A1A375CC4007CA7FC /* FileManage.m */,
			);
			path = IndoorMap;
			sourceTree = "<group>";
		};
		55386D141A356CE300F8A29F /* Supporting Files */ = {
			isa = PBXGroup;
			children = (
				55386D151A356CE300F8A29F /* Info.plist */,
				55386D161A356CE300F8A29F /* main.m */,
			);
			name = "Supporting Files";
			sourceTree = "<group>";
		};
		55386D301A356CE300F8A29F /* IndoorMapTests */ = {
			isa = PBXGroup;
			children = (
				55386D331A356CE300F8A29F /* IndoorMapTests.m */,
				55386D311A356CE300F8A29F /* Supporting Files */,
			);
			path = IndoorMapTests;
			sourceTree = "<group>";
		};
		55386D311A356CE300F8A29F /* Supporting Files */ = {
			isa = PBXGroup;
			children = (
				55386D321A356CE300F8A29F /* Info.plist */,
			);
			name = "Supporting Files";
			sourceTree = "<group>";
		};
		557664441A36804F00E589C3 /* ZXQuartz */ = {
			isa = PBXGroup;
			children = (
				557664451A36804F00E589C3 /* UIView+ZXQuartz.h */,
				557664461A36804F00E589C3 /* UIView+ZXQuartz.m */,
			);
			path = ZXQuartz;
			sourceTree = "<group>";
		};
/* End PBXGroup section */

/* Begin PBXNativeTarget section */
		55386D101A356CE300F8A29F /* IndoorMap */ = {
			isa = PBXNativeTarget;
			buildConfigurationList = 55386D371A356CE300F8A29F /* Build configuration list for PBXNativeTarget "IndoorMap" */;
			buildPhases = (
				461F913D308D33C607D19736 /* Check Pods Manifest.lock */,
				55386D0D1A356CE300F8A29F /* Sources */,
				55386D0E1A356CE300F8A29F /* Frameworks */,
				55386D0F1A356CE300F8A29F /* Resources */,
				404D306DC7EEE4066632F3CA /* Copy Pods Resources */,
			);
			buildRules = (
			);
			dependencies = (
			);
			name = IndoorMap;
			productName = IndoorMap;
			productReference = 55386D111A356CE300F8A29F /* IndoorMap.app */;
			productType = "com.apple.product-type.application";
		};
		55386D2C1A356CE300F8A29F /* IndoorMapTests */ = {
			isa = PBXNativeTarget;
			buildConfigurationList = 55386D3A1A356CE300F8A29F /* Build configuration list for PBXNativeTarget "IndoorMapTests" */;
			buildPhases = (
				55386D291A356CE300F8A29F /* Sources */,
				55386D2A1A356CE300F8A29F /* Frameworks */,
				55386D2B1A356CE300F8A29F /* Resources */,
			);
			buildRules = (
			);
			dependencies = (
				55386D2F1A356CE300F8A29F /* PBXTargetDependency */,
			);
			name = IndoorMapTests;
			productName = IndoorMapTests;
			productReference = 55386D2D1A356CE300F8A29F /* IndoorMapTests.xctest */;
			productType = "com.apple.product-type.bundle.unit-test";
		};
/* End PBXNativeTarget section */

/* Begin PBXProject section */
		55386D091A356CE300F8A29F /* Project object */ = {
			isa = PBXProject;
			attributes = {
				LastUpgradeCheck = 0610;
				ORGANIZATIONNAME = peidong;
				TargetAttributes = {
					55386D101A356CE300F8A29F = {
						CreatedOnToolsVersion = 6.1.1;
					};
					55386D2C1A356CE300F8A29F = {
						CreatedOnToolsVersion = 6.1.1;
						TestTargetID = 55386D101A356CE300F8A29F;
					};
				};
			};
			buildConfigurationList = 55386D0C1A356CE300F8A29F /* Build configuration list for PBXProject "IndoorMap" */;
			compatibilityVersion = "Xcode 3.2";
			developmentRegion = English;
			hasScannedForEncodings = 0;
			knownRegions = (
				en,
				Base,
			);
			mainGroup = 55386D081A356CE300F8A29F;
			productRefGroup = 55386D121A356CE300F8A29F /* Products */;
			projectDirPath = "";
			projectRoot = "";
			targets = (
				55386D101A356CE300F8A29F /* IndoorMap */,
				55386D2C1A356CE300F8A29F /* IndoorMapTests */,
			);
		};
/* End PBXProject section */

/* Begin PBXResourcesBuildPhase section */
		55386D0F1A356CE300F8A29F /* Resources */ = {
			isa = PBXResourcesBuildPhase;
			buildActionMask = 2147483647;
			files = (
				55386D231A356CE300F8A29F /* Main.storyboard in Resources */,
				55386D281A356CE300F8A29F /* LaunchScreen.xib in Resources */,
				55386D251A356CE300F8A29F /* Images.xcassets in Resources */,
			);
			runOnlyForDeploymentPostprocessing = 0;
		};
		55386D2B1A356CE300F8A29F /* Resources */ = {
			isa = PBXResourcesBuildPhase;
			buildActionMask = 2147483647;
			files = (
			);
			runOnlyForDeploymentPostprocessing = 0;
		};
/* End PBXResourcesBuildPhase section */

/* Begin PBXShellScriptBuildPhase section */
		404D306DC7EEE4066632F3CA /* Copy Pods Resources */ = {
			isa = PBXShellScriptBuildPhase;
			buildActionMask = 2147483647;
			files = (
			);
			inputPaths = (
			);
			name = "Copy Pods Resources";
			outputPaths = (
			);
			runOnlyForDeploymentPostprocessing = 0;
			shellPath = /bin/sh;
			shellScript = "\"${SRCROOT}/Pods/Target Support Files/Pods/Pods-resources.sh\"\n";
			showEnvVarsInLog = 0;
		};
		461F913D308D33C607D19736 /* Check Pods Manifest.lock */ = {
			isa = PBXShellScriptBuildPhase;
			buildActionMask = 2147483647;
			files = (
			);
			inputPaths = (
			);
			name = "Check Pods Manifest.lock";
			outputPaths = (
			);
			runOnlyForDeploymentPostprocessing = 0;
			shellPath = /bin/sh;
			shellScript = "diff \"${PODS_ROOT}/../Podfile.lock\" \"${PODS_ROOT}/Manifest.lock\" > /dev/null\nif [[ $? != 0 ]] ; then\n    cat << EOM\nerror: The sandbox is not in sync with the Podfile.lock. Run 'pod install' or update your CocoaPods installation.\nEOM\n    exit 1\nfi\n";
			showEnvVarsInLog = 0;
		};
/* End PBXShellScriptBuildPhase section */

/* Begin PBXSourcesBuildPhase section */
		55386D0D1A356CE300F8A29F /* Sources */ = {
			isa = PBXSourcesBuildPhase;
			buildActionMask = 2147483647;
			files = (
				55386D201A356CE300F8A29F /* FunctionsViewController.m in Sources */,
				55386D1A1A356CE300F8A29F /* AppDelegate.m in Sources */,
				55386D1D1A356CE300F8A29F /* LocalizationViewController.m in Sources */,
				553420D51A38C5F40089FDC6 /* DistanceBeaconViewController.m in Sources */,
				5578A16B1A375CC4007CA7FC /* FileManage.m in Sources */,
				55386D171A356CE300F8A29F /* main.m in Sources */,
				557664471A36804F00E589C3 /* UIView+ZXQuartz.m in Sources */,
				5576644A1A36808700E589C3 /* Canvas.m in Sources */,
				557EFC4A1A3CEB9300490228 /* BeaconInfo.m in Sources */,
			);
			runOnlyForDeploymentPostprocessing = 0;
		};
		55386D291A356CE300F8A29F /* Sources */ = {
			isa = PBXSourcesBuildPhase;
			buildActionMask = 2147483647;
			files = (
				55386D341A356CE300F8A29F /* IndoorMapTests.m in Sources */,
			);
			runOnlyForDeploymentPostprocessing = 0;
		};
/* End PBXSourcesBuildPhase section */

/* Begin PBXTargetDependency section */
		55386D2F1A356CE300F8A29F /* PBXTargetDependency */ = {
			isa = PBXTargetDependency;
			target = 55386D101A356CE300F8A29F /* IndoorMap */;
			targetProxy = 55386D2E1A356CE300F8A29F /* PBXContainerItemProxy */;
		};
/* End PBXTargetDependency section */

/* Begin PBXVariantGroup section */
		55386D211A356CE300F8A29F /* Main.storyboard */ = {
			isa = PBXVariantGroup;
			children = (
				55386D221A356CE300F8A29F /* Base */,
			);
			name = Main.storyboard;
			sourceTree = "<group>";
		};
		55386D261A356CE300F8A29F /* LaunchScreen.xib */ = {
			isa = PBXVariantGroup;
			children = (
				55386D271A356CE300F8A29F /* Base */,
			);
			name = LaunchScreen.xib;
			sourceTree = "<group>";
		};
/* End PBXVariantGroup section */

/* Begin XCBuildConfiguration section */
		55386D351A356CE300F8A29F /* Debug */ = {
			isa = XCBuildConfiguration;
			buildSettings = {
				ALWAYS_SEARCH_USER_PATHS = NO;
				CLANG_CXX_LANGUAGE_STANDARD = "gnu++0x";
				CLANG_CXX_LIBRARY = "libc++";
				CLANG_ENABLE_MODULES = YES;
				CLANG_ENABLE_OBJC_ARC = YES;
				CLANG_WARN_BOOL_CONVERSION = YES;
				CLANG_WARN_CONSTANT_CONVERSION = YES;
				CLANG_WARN_DIRECT_OBJC_ISA_USAGE = YES_ERROR;
				CLANG_WARN_EMPTY_BODY = YES;
				CLANG_WARN_ENUM_CONVERSION = YES;
				CLANG_WARN_INT_CONVERSION = YES;
				CLANG_WARN_OBJC_ROOT_CLASS = YES_ERROR;
				CLANG_WARN_UNREACHABLE_CODE = YES;
				CLANG_WARN__DUPLICATE_METHOD_MATCH = YES;
				CODE_SIGN_IDENTITY = "-";
				"CODE_SIGN_IDENTITY[sdk=iphoneos*]" = "-";
				COPY_PHASE_STRIP = NO;
				ENABLE_STRICT_OBJC_MSGSEND = YES;
				GCC_C_LANGUAGE_STANDARD = gnu99;
				GCC_DYNAMIC_NO_PIC = NO;
				GCC_OPTIMIZATION_LEVEL = 0;
				GCC_PREPROCESSOR_DEFINITIONS = (
					"DEBUG=1",
					"$(inherited)",
				);
				GCC_SYMBOLS_PRIVATE_EXTERN = NO;
				GCC_WARN_64_TO_32_BIT_CONVERSION = YES;
				GCC_WARN_ABOUT_RETURN_TYPE = YES_ERROR;
				GCC_WARN_UNDECLARED_SELECTOR = YES;
				GCC_WARN_UNINITIALIZED_AUTOS = YES_AGGRESSIVE;
				GCC_WARN_UNUSED_FUNCTION = YES;
				GCC_WARN_UNUSED_VARIABLE = YES;
				IPHONEOS_DEPLOYMENT_TARGET = 8.1;
				MTL_ENABLE_DEBUG_INFO = YES;
				ONLY_ACTIVE_ARCH = YES;
				SDKROOT = iphoneos;
			};
			name = Debug;
		};
		55386D361A356CE300F8A29F /* Release */ = {
			isa = XCBuildConfiguration;
			buildSettings = {
				ALWAYS_SEARCH_USER_PATHS = NO;
				CLANG_CXX_LANGUAGE_STANDARD = "gnu++0x";
				CLANG_CXX_LIBRARY = "libc++";
				CLANG_ENABLE_MODULES = YES;
				CLANG_ENABLE_OBJC_ARC = YES;
				CLANG_WARN_BOOL_CONVERSION = YES;
				CLANG_WARN_CONSTANT_CONVERSION = YES;
				CLANG_WARN_DIRECT_OBJC_ISA_USAGE = YES_ERROR;
				CLANG_WARN_EMPTY_BODY = YES;
				CLANG_WARN_ENUM_CONVERSION = YES;
				CLANG_WARN_INT_CONVERSION = YES;
				CLANG_WARN_OBJC_ROOT_CLASS = YES_ERROR;
				CLANG_WARN_UNREACHABLE_CODE = YES;
				CLANG_WARN__DUPLICATE_METHOD_MATCH = YES;
				CODE_SIGN_IDENTITY = "-";
				"CODE_SIGN_IDENTITY[sdk=iphoneos*]" = "-";
				COPY_PHASE_STRIP = YES;
				ENABLE_NS_ASSERTIONS = NO;
				ENABLE_STRICT_OBJC_MSGSEND = YES;
				GCC_C_LANGUAGE_STANDARD = gnu99;
				GCC_WARN_64_TO_32_BIT_CONVERSION = YES;
				GCC_WARN_ABOUT_RETURN_TYPE = YES_ERROR;
				GCC_WARN_UNDECLARED_SELECTOR = YES;
				GCC_WARN_UNINITIALIZED_AUTOS = YES_AGGRESSIVE;
				GCC_WARN_UNUSED_FUNCTION = YES;
				GCC_WARN_UNUSED_VARIABLE = YES;
				IPHONEOS_DEPLOYMENT_TARGET = 8.1;
				MTL_ENABLE_DEBUG_INFO = NO;
				SDKROOT = iphoneos;
				VALIDATE_PRODUCT = YES;
			};
			name = Release;
		};
		55386D381A356CE300F8A29F /* Debug */ = {
			isa = XCBuildConfiguration;
			baseConfigurationReference = E14F2F421E5888E97D7A6AA4 /* Pods.debug.xcconfig */;
			buildSettings = {
				ASSETCATALOG_COMPILER_APPICON_NAME = AppIcon;
				INFOPLIST_FILE = IndoorMap/Info.plist;
				LD_RUNPATH_SEARCH_PATHS = "$(inherited) @executable_path/Frameworks";
				PRODUCT_NAME = "$(TARGET_NAME)";
			};
			name = Debug;
		};
		55386D391A356CE300F8A29F /* Release */ = {
			isa = XCBuildConfiguration;
			baseConfigurationReference = 70AD2DE6B8739430F96A6695 /* Pods.release.xcconfig */;
			buildSettings = {
				ASSETCATALOG_COMPILER_APPICON_NAME = AppIcon;
				INFOPLIST_FILE = IndoorMap/Info.plist;
				LD_RUNPATH_SEARCH_PATHS = "$(inherited) @executable_path/Frameworks";
				PRODUCT_NAME = "$(TARGET_NAME)";
			};
			name = Release;
		};
		55386D3B1A356CE300F8A29F /* Debug */ = {
			isa = XCBuildConfiguration;
			buildSettings = {
				BUNDLE_LOADER = "$(TEST_HOST)";
				FRAMEWORK_SEARCH_PATHS = (
					"$(SDKROOT)/Developer/Library/Frameworks",
					"$(inherited)",
				);
				GCC_PREPROCESSOR_DEFINITIONS = (
					"DEBUG=1",
					"$(inherited)",
				);
				INFOPLIST_FILE = IndoorMapTests/Info.plist;
				LD_RUNPATH_SEARCH_PATHS = "$(inherited) @executable_path/Frameworks @loader_path/Frameworks";
				PRODUCT_NAME = "$(TARGET_NAME)";
				TEST_HOST = "$(BUILT_PRODUCTS_DIR)/IndoorMap.app/IndoorMap";
			};
			name = Debug;
		};
		55386D3C1A356CE300F8A29F /* Release */ = {
			isa = XCBuildConfiguration;
			buildSettings = {
				BUNDLE_LOADER = "$(TEST_HOST)";
				FRAMEWORK_SEARCH_PATHS = (
					"$(SDKROOT)/Developer/Library/Frameworks",
					"$(inherited)",
				);
				INFOPLIST_FILE = IndoorMapTests/Info.plist;
				LD_RUNPATH_SEARCH_PATHS = "$(inherited) @executable_path/Frameworks @loader_path/Frameworks";
				PRODUCT_NAME = "$(TARGET_NAME)";
				TEST_HOST = "$(BUILT_PRODUCTS_DIR)/IndoorMap.app/IndoorMap";
			};
			name = Release;
		};
/* End XCBuildConfiguration section */

/* Begin XCConfigurationList section */
		55386D0C1A356CE300F8A29F /* Build configuration list for PBXProject "IndoorMap" */ = {
			isa = XCConfigurationList;
			buildConfigurations = (
				55386D351A356CE300F8A29F /* Debug */,
				55386D361A356CE300F8A29F /* Release */,
			);
			defaultConfigurationIsVisible = 0;
			defaultConfigurationName = Release;
		};
		55386D371A356CE300F8A29F /* Build configuration list for PBXNativeTarget "IndoorMap" */ = {
			isa = XCConfigurationList;
			buildConfigurations = (
				55386D381A356CE300F8A29F /* Debug */,
				55386D391A356CE300F8A29F /* Release */,
			);
			defaultConfigurationIsVisible = 0;
			defaultConfigurationName = Release;
		};
		55386D3A1A356CE300F8A29F /* Build configuration list for PBXNativeTarget "IndoorMapTests" */ = {
			isa = XCConfigurationList;
			buildConfigurations = (
				55386D3B1A356CE300F8A29F /* Debug */,
				55386D3C1A356CE300F8A29F /* Release */,
			);
			defaultConfigurationIsVisible = 0;
			defaultConfigurationName = Release;
		};
/* End XCConfigurationList section */
	};
	rootObject = 55386D091A356CE300F8A29F /* Project object */;
}
