// !$*UTF8*$!
{
	archiveVersion = 1;
	classes = {
	};
	objectVersion = 46;
	objects = {

/* Begin PBXBuildFile section */
		DD0FC0E11BDDFFBD008B2BA2 /* main.m in Sources */ = {isa = PBXBuildFile; fileRef = DD0FC0E01BDDFFBD008B2BA2 /* main.m */; };
		DD0FC0E41BDDFFBD008B2BA2 /* AppDelegate.m in Sources */ = {isa = PBXBuildFile; fileRef = DD0FC0E31BDDFFBD008B2BA2 /* AppDelegate.m */; };
		DD0FC0E71BDDFFBD008B2BA2 /* ViewController.m in Sources */ = {isa = PBXBuildFile; fileRef = DD0FC0E61BDDFFBD008B2BA2 /* ViewController.m */; };
		DD0FC0EA1BDDFFBD008B2BA2 /* Main.storyboard in Resources */ = {isa = PBXBuildFile; fileRef = DD0FC0E81BDDFFBD008B2BA2 /* Main.storyboard */; };
		DD0FC0EC1BDDFFBD008B2BA2 /* Assets.xcassets in Resources */ = {isa = PBXBuildFile; fileRef = DD0FC0EB1BDDFFBD008B2BA2 /* Assets.xcassets */; };
		DD0FC0EF1BDDFFBD008B2BA2 /* LaunchScreen.storyboard in Resources */ = {isa = PBXBuildFile; fileRef = DD0FC0ED1BDDFFBD008B2BA2 /* LaunchScreen.storyboard */; };
		DD0FC0FA1BDDFFBD008B2BA2 /* controlTests.m in Sources */ = {isa = PBXBuildFile; fileRef = DD0FC0F91BDDFFBD008B2BA2 /* controlTests.m */; };
		DD0FC1051BDDFFBD008B2BA2 /* controlUITests.m in Sources */ = {isa = PBXBuildFile; fileRef = DD0FC1041BDDFFBD008B2BA2 /* controlUITests.m */; };
		DD454C1A1BDE8BBF0095BBB8 /* AFHTTPRequestOperation.m in Sources */ = {isa = PBXBuildFile; fileRef = DD454BF51BDE8BBF0095BBB8 /* AFHTTPRequestOperation.m */; };
		DD454C1B1BDE8BBF0095BBB8 /* AFHTTPRequestOperationManager.m in Sources */ = {isa = PBXBuildFile; fileRef = DD454BF71BDE8BBF0095BBB8 /* AFHTTPRequestOperationManager.m */; };
		DD454C1C1BDE8BBF0095BBB8 /* AFHTTPSessionManager.m in Sources */ = {isa = PBXBuildFile; fileRef = DD454BF91BDE8BBF0095BBB8 /* AFHTTPSessionManager.m */; };
		DD454C1D1BDE8BBF0095BBB8 /* AFNetworkReachabilityManager.m in Sources */ = {isa = PBXBuildFile; fileRef = DD454BFC1BDE8BBF0095BBB8 /* AFNetworkReachabilityManager.m */; };
		DD454C1E1BDE8BBF0095BBB8 /* AFSecurityPolicy.m in Sources */ = {isa = PBXBuildFile; fileRef = DD454BFE1BDE8BBF0095BBB8 /* AFSecurityPolicy.m */; };
		DD454C1F1BDE8BBF0095BBB8 /* AFURLConnectionOperation.m in Sources */ = {isa = PBXBuildFile; fileRef = DD454C001BDE8BBF0095BBB8 /* AFURLConnectionOperation.m */; };
		DD454C201BDE8BBF0095BBB8 /* AFURLRequestSerialization.m in Sources */ = {isa = PBXBuildFile; fileRef = DD454C021BDE8BBF0095BBB8 /* AFURLRequestSerialization.m */; };
		DD454C211BDE8BBF0095BBB8 /* AFURLResponseSerialization.m in Sources */ = {isa = PBXBuildFile; fileRef = DD454C041BDE8BBF0095BBB8 /* AFURLResponseSerialization.m */; };
		DD454C221BDE8BBF0095BBB8 /* AFURLSessionManager.m in Sources */ = {isa = PBXBuildFile; fileRef = DD454C061BDE8BBF0095BBB8 /* AFURLSessionManager.m */; };
		DD454C231BDE8BBF0095BBB8 /* AFNetworkActivityIndicatorManager.m in Sources */ = {isa = PBXBuildFile; fileRef = DD454C091BDE8BBF0095BBB8 /* AFNetworkActivityIndicatorManager.m */; };
		DD454C241BDE8BBF0095BBB8 /* UIActivityIndicatorView+AFNetworking.m in Sources */ = {isa = PBXBuildFile; fileRef = DD454C0B1BDE8BBF0095BBB8 /* UIActivityIndicatorView+AFNetworking.m */; };
		DD454C251BDE8BBF0095BBB8 /* UIAlertView+AFNetworking.m in Sources */ = {isa = PBXBuildFile; fileRef = DD454C0D1BDE8BBF0095BBB8 /* UIAlertView+AFNetworking.m */; };
		DD454C261BDE8BBF0095BBB8 /* UIButton+AFNetworking.m in Sources */ = {isa = PBXBuildFile; fileRef = DD454C0F1BDE8BBF0095BBB8 /* UIButton+AFNetworking.m */; };
		DD454C271BDE8BBF0095BBB8 /* UIImageView+AFNetworking.m in Sources */ = {isa = PBXBuildFile; fileRef = DD454C121BDE8BBF0095BBB8 /* UIImageView+AFNetworking.m */; };
		DD454C281BDE8BBF0095BBB8 /* UIProgressView+AFNetworking.m in Sources */ = {isa = PBXBuildFile; fileRef = DD454C151BDE8BBF0095BBB8 /* UIProgressView+AFNetworking.m */; };
		DD454C291BDE8BBF0095BBB8 /* UIRefreshControl+AFNetworking.m in Sources */ = {isa = PBXBuildFile; fileRef = DD454C171BDE8BBF0095BBB8 /* UIRefreshControl+AFNetworking.m */; };
		DD454C2A1BDE8BBF0095BBB8 /* UIWebView+AFNetworking.m in Sources */ = {isa = PBXBuildFile; fileRef = DD454C191BDE8BBF0095BBB8 /* UIWebView+AFNetworking.m */; };
/* End PBXBuildFile section */

/* Begin PBXContainerItemProxy section */
		DD0FC0F61BDDFFBD008B2BA2 /* PBXContainerItemProxy */ = {
			isa = PBXContainerItemProxy;
			containerPortal = DD0FC0D41BDDFFBD008B2BA2 /* Project object */;
			proxyType = 1;
			remoteGlobalIDString = DD0FC0DB1BDDFFBD008B2BA2;
			remoteInfo = control;
		};
		DD0FC1011BDDFFBD008B2BA2 /* PBXContainerItemProxy */ = {
			isa = PBXContainerItemProxy;
			containerPortal = DD0FC0D41BDDFFBD008B2BA2 /* Project object */;
			proxyType = 1;
			remoteGlobalIDString = DD0FC0DB1BDDFFBD008B2BA2;
			remoteInfo = control;
		};
/* End PBXContainerItemProxy section */

/* Begin PBXFileReference section */
		DD0FC0DC1BDDFFBD008B2BA2 /* control.app */ = {isa = PBXFileReference; explicitFileType = wrapper.application; includeInIndex = 0; path = control.app; sourceTree = BUILT_PRODUCTS_DIR; };
		DD0FC0E01BDDFFBD008B2BA2 /* main.m */ = {isa = PBXFileReference; lastKnownFileType = sourcecode.c.objc; path = main.m; sourceTree = "<group>"; };
		DD0FC0E21BDDFFBD008B2BA2 /* AppDelegate.h */ = {isa = PBXFileReference; lastKnownFileType = sourcecode.c.h; path = AppDelegate.h; sourceTree = "<group>"; };
		DD0FC0E31BDDFFBD008B2BA2 /* AppDelegate.m */ = {isa = PBXFileReference; lastKnownFileType = sourcecode.c.objc; path = AppDelegate.m; sourceTree = "<group>"; };
		DD0FC0E51BDDFFBD008B2BA2 /* ViewController.h */ = {isa = PBXFileReference; lastKnownFileType = sourcecode.c.h; path = ViewController.h; sourceTree = "<group>"; };
		DD0FC0E61BDDFFBD008B2BA2 /* ViewController.m */ = {isa = PBXFileReference; lastKnownFileType = sourcecode.c.objc; path = ViewController.m; sourceTree = "<group>"; };
		DD0FC0E91BDDFFBD008B2BA2 /* Base */ = {isa = PBXFileReference; lastKnownFileType = file.storyboard; name = Base; path = Base.lproj/Main.storyboard; sourceTree = "<group>"; };
		DD0FC0EB1BDDFFBD008B2BA2 /* Assets.xcassets */ = {isa = PBXFileReference; lastKnownFileType = folder.assetcatalog; path = Assets.xcassets; sourceTree = "<group>"; };
		DD0FC0EE1BDDFFBD008B2BA2 /* Base */ = {isa = PBXFileReference; lastKnownFileType = file.storyboard; name = Base; path = Base.lproj/LaunchScreen.storyboard; sourceTree = "<group>"; };
		DD0FC0F01BDDFFBD008B2BA2 /* Info.plist */ = {isa = PBXFileReference; lastKnownFileType = text.plist.xml; path = Info.plist; sourceTree = "<group>"; };
		DD0FC0F51BDDFFBD008B2BA2 /* controlTests.xctest */ = {isa = PBXFileReference; explicitFileType = wrapper.cfbundle; includeInIndex = 0; path = controlTests.xctest; sourceTree = BUILT_PRODUCTS_DIR; };
		DD0FC0F91BDDFFBD008B2BA2 /* controlTests.m */ = {isa = PBXFileReference; lastKnownFileType = sourcecode.c.objc; path = controlTests.m; sourceTree = "<group>"; };
		DD0FC0FB1BDDFFBD008B2BA2 /* Info.plist */ = {isa = PBXFileReference; lastKnownFileType = text.plist.xml; path = Info.plist; sourceTree = "<group>"; };
		DD0FC1001BDDFFBD008B2BA2 /* controlUITests.xctest */ = {isa = PBXFileReference; explicitFileType = wrapper.cfbundle; includeInIndex = 0; path = controlUITests.xctest; sourceTree = BUILT_PRODUCTS_DIR; };
		DD0FC1041BDDFFBD008B2BA2 /* controlUITests.m */ = {isa = PBXFileReference; lastKnownFileType = sourcecode.c.objc; path = controlUITests.m; sourceTree = "<group>"; };
		DD0FC1061BDDFFBD008B2BA2 /* Info.plist */ = {isa = PBXFileReference; lastKnownFileType = text.plist.xml; path = Info.plist; sourceTree = "<group>"; };
		DD454BF41BDE8BBF0095BBB8 /* AFHTTPRequestOperation.h */ = {isa = PBXFileReference; fileEncoding = 4; lastKnownFileType = sourcecode.c.h; path = AFHTTPRequestOperation.h; sourceTree = "<group>"; };
		DD454BF51BDE8BBF0095BBB8 /* AFHTTPRequestOperation.m */ = {isa = PBXFileReference; fileEncoding = 4; lastKnownFileType = sourcecode.c.objc; path = AFHTTPRequestOperation.m; sourceTree = "<group>"; };
		DD454BF61BDE8BBF0095BBB8 /* AFHTTPRequestOperationManager.h */ = {isa = PBXFileReference; fileEncoding = 4; lastKnownFileType = sourcecode.c.h; path = AFHTTPRequestOperationManager.h; sourceTree = "<group>"; };
		DD454BF71BDE8BBF0095BBB8 /* AFHTTPRequestOperationManager.m */ = {isa = PBXFileReference; fileEncoding = 4; lastKnownFileType = sourcecode.c.objc; path = AFHTTPRequestOperationManager.m; sourceTree = "<group>"; };
		DD454BF81BDE8BBF0095BBB8 /* AFHTTPSessionManager.h */ = {isa = PBXFileReference; fileEncoding = 4; lastKnownFileType = sourcecode.c.h; path = AFHTTPSessionManager.h; sourceTree = "<group>"; };
		DD454BF91BDE8BBF0095BBB8 /* AFHTTPSessionManager.m */ = {isa = PBXFileReference; fileEncoding = 4; lastKnownFileType = sourcecode.c.objc; path = AFHTTPSessionManager.m; sourceTree = "<group>"; };
		DD454BFA1BDE8BBF0095BBB8 /* AFNetworking.h */ = {isa = PBXFileReference; fileEncoding = 4; lastKnownFileType = sourcecode.c.h; path = AFNetworking.h; sourceTree = "<group>"; };
		DD454BFB1BDE8BBF0095BBB8 /* AFNetworkReachabilityManager.h */ = {isa = PBXFileReference; fileEncoding = 4; lastKnownFileType = sourcecode.c.h; path = AFNetworkReachabilityManager.h; sourceTree = "<group>"; };
		DD454BFC1BDE8BBF0095BBB8 /* AFNetworkReachabilityManager.m */ = {isa = PBXFileReference; fileEncoding = 4; lastKnownFileType = sourcecode.c.objc; path = AFNetworkReachabilityManager.m; sourceTree = "<group>"; };
		DD454BFD1BDE8BBF0095BBB8 /* AFSecurityPolicy.h */ = {isa = PBXFileReference; fileEncoding = 4; lastKnownFileType = sourcecode.c.h; path = AFSecurityPolicy.h; sourceTree = "<group>"; };
		DD454BFE1BDE8BBF0095BBB8 /* AFSecurityPolicy.m */ = {isa = PBXFileReference; fileEncoding = 4; lastKnownFileType = sourcecode.c.objc; path = AFSecurityPolicy.m; sourceTree = "<group>"; };
		DD454BFF1BDE8BBF0095BBB8 /* AFURLConnectionOperation.h */ = {isa = PBXFileReference; fileEncoding = 4; lastKnownFileType = sourcecode.c.h; path = AFURLConnectionOperation.h; sourceTree = "<group>"; };
		DD454C001BDE8BBF0095BBB8 /* AFURLConnectionOperation.m */ = {isa = PBXFileReference; fileEncoding = 4; lastKnownFileType = sourcecode.c.objc; path = AFURLConnectionOperation.m; sourceTree = "<group>"; };
		DD454C011BDE8BBF0095BBB8 /* AFURLRequestSerialization.h */ = {isa = PBXFileReference; fileEncoding = 4; lastKnownFileType = sourcecode.c.h; path = AFURLRequestSerialization.h; sourceTree = "<group>"; };
		DD454C021BDE8BBF0095BBB8 /* AFURLRequestSerialization.m */ = {isa = PBXFileReference; fileEncoding = 4; lastKnownFileType = sourcecode.c.objc; path = AFURLRequestSerialization.m; sourceTree = "<group>"; };
		DD454C031BDE8BBF0095BBB8 /* AFURLResponseSerialization.h */ = {isa = PBXFileReference; fileEncoding = 4; lastKnownFileType = sourcecode.c.h; path = AFURLResponseSerialization.h; sourceTree = "<group>"; };
		DD454C041BDE8BBF0095BBB8 /* AFURLResponseSerialization.m */ = {isa = PBXFileReference; fileEncoding = 4; lastKnownFileType = sourcecode.c.objc; path = AFURLResponseSerialization.m; sourceTree = "<group>"; };
		DD454C051BDE8BBF0095BBB8 /* AFURLSessionManager.h */ = {isa = PBXFileReference; fileEncoding = 4; lastKnownFileType = sourcecode.c.h; path = AFURLSessionManager.h; sourceTree = "<group>"; };
		DD454C061BDE8BBF0095BBB8 /* AFURLSessionManager.m */ = {isa = PBXFileReference; fileEncoding = 4; lastKnownFileType = sourcecode.c.objc; path = AFURLSessionManager.m; sourceTree = "<group>"; };
		DD454C081BDE8BBF0095BBB8 /* AFNetworkActivityIndicatorManager.h */ = {isa = PBXFileReference; fileEncoding = 4; lastKnownFileType = sourcecode.c.h; path = AFNetworkActivityIndicatorManager.h; sourceTree = "<group>"; };
		DD454C091BDE8BBF0095BBB8 /* AFNetworkActivityIndicatorManager.m */ = {isa = PBXFileReference; fileEncoding = 4; lastKnownFileType = sourcecode.c.objc; path = AFNetworkActivityIndicatorManager.m; sourceTree = "<group>"; };
		DD454C0A1BDE8BBF0095BBB8 /* UIActivityIndicatorView+AFNetworking.h */ = {isa = PBXFileReference; fileEncoding = 4; lastKnownFileType = sourcecode.c.h; path = "UIActivityIndicatorView+AFNetworking.h"; sourceTree = "<group>"; };
		DD454C0B1BDE8BBF0095BBB8 /* UIActivityIndicatorView+AFNetworking.m */ = {isa = PBXFileReference; fileEncoding = 4; lastKnownFileType = sourcecode.c.objc; path = "UIActivityIndicatorView+AFNetworking.m"; sourceTree = "<group>"; };
		DD454C0C1BDE8BBF0095BBB8 /* UIAlertView+AFNetworking.h */ = {isa = PBXFileReference; fileEncoding = 4; lastKnownFileType = sourcecode.c.h; path = "UIAlertView+AFNetworking.h"; sourceTree = "<group>"; };
		DD454C0D1BDE8BBF0095BBB8 /* UIAlertView+AFNetworking.m */ = {isa = PBXFileReference; fileEncoding = 4; lastKnownFileType = sourcecode.c.objc; path = "UIAlertView+AFNetworking.m"; sourceTree = "<group>"; };
		DD454C0E1BDE8BBF0095BBB8 /* UIButton+AFNetworking.h */ = {isa = PBXFileReference; fileEncoding = 4; lastKnownFileType = sourcecode.c.h; path = "UIButton+AFNetworking.h"; sourceTree = "<group>"; };
		DD454C0F1BDE8BBF0095BBB8 /* UIButton+AFNetworking.m */ = {isa = PBXFileReference; fileEncoding = 4; lastKnownFileType = sourcecode.c.objc; path = "UIButton+AFNetworking.m"; sourceTree = "<group>"; };
		DD454C101BDE8BBF0095BBB8 /* UIImage+AFNetworking.h */ = {isa = PBXFileReference; fileEncoding = 4; lastKnownFileType = sourcecode.c.h; path = "UIImage+AFNetworking.h"; sourceTree = "<group>"; };
		DD454C111BDE8BBF0095BBB8 /* UIImageView+AFNetworking.h */ = {isa = PBXFileReference; fileEncoding = 4; lastKnownFileType = sourcecode.c.h; path = "UIImageView+AFNetworking.h"; sourceTree = "<group>"; };
		DD454C121BDE8BBF0095BBB8 /* UIImageView+AFNetworking.m */ = {isa = PBXFileReference; fileEncoding = 4; lastKnownFileType = sourcecode.c.objc; path = "UIImageView+AFNetworking.m"; sourceTree = "<group>"; };
		DD454C131BDE8BBF0095BBB8 /* UIKit+AFNetworking.h */ = {isa = PBXFileReference; fileEncoding = 4; lastKnownFileType = sourcecode.c.h; path = "UIKit+AFNetworking.h"; sourceTree = "<group>"; };
		DD454C141BDE8BBF0095BBB8 /* UIProgressView+AFNetworking.h */ = {isa = PBXFileReference; fileEncoding = 4; lastKnownFileType = sourcecode.c.h; path = "UIProgressView+AFNetworking.h"; sourceTree = "<group>"; };
		DD454C151BDE8BBF0095BBB8 /* UIProgressView+AFNetworking.m */ = {isa = PBXFileReference; fileEncoding = 4; lastKnownFileType = sourcecode.c.objc; path = "UIProgressView+AFNetworking.m"; sourceTree = "<group>"; };
		DD454C161BDE8BBF0095BBB8 /* UIRefreshControl+AFNetworking.h */ = {isa = PBXFileReference; fileEncoding = 4; lastKnownFileType = sourcecode.c.h; path = "UIRefreshControl+AFNetworking.h"; sourceTree = "<group>"; };
		DD454C171BDE8BBF0095BBB8 /* UIRefreshControl+AFNetworking.m */ = {isa = PBXFileReference; fileEncoding = 4; lastKnownFileType = sourcecode.c.objc; path = "UIRefreshControl+AFNetworking.m"; sourceTree = "<group>"; };
		DD454C181BDE8BBF0095BBB8 /* UIWebView+AFNetworking.h */ = {isa = PBXFileReference; fileEncoding = 4; lastKnownFileType = sourcecode.c.h; path = "UIWebView+AFNetworking.h"; sourceTree = "<group>"; };
		DD454C191BDE8BBF0095BBB8 /* UIWebView+AFNetworking.m */ = {isa = PBXFileReference; fileEncoding = 4; lastKnownFileType = sourcecode.c.objc; path = "UIWebView+AFNetworking.m"; sourceTree = "<group>"; };
/* End PBXFileReference section */

/* Begin PBXFrameworksBuildPhase section */
		DD0FC0D91BDDFFBD008B2BA2 /* Frameworks */ = {
			isa = PBXFrameworksBuildPhase;
			buildActionMask = 2147483647;
			files = (
			);
			runOnlyForDeploymentPostprocessing = 0;
		};
		DD0FC0F21BDDFFBD008B2BA2 /* Frameworks */ = {
			isa = PBXFrameworksBuildPhase;
			buildActionMask = 2147483647;
			files = (
			);
			runOnlyForDeploymentPostprocessing = 0;
		};
		DD0FC0FD1BDDFFBD008B2BA2 /* Frameworks */ = {
			isa = PBXFrameworksBuildPhase;
			buildActionMask = 2147483647;
			files = (
			);
			runOnlyForDeploymentPostprocessing = 0;
		};
/* End PBXFrameworksBuildPhase section */

/* Begin PBXGroup section */
		DD0FC0D31BDDFFBD008B2BA2 = {
			isa = PBXGroup;
			children = (
				DD0FC0DE1BDDFFBD008B2BA2 /* control */,
				DD0FC0F81BDDFFBD008B2BA2 /* controlTests */,
				DD0FC1031BDDFFBD008B2BA2 /* controlUITests */,
				DD0FC0DD1BDDFFBD008B2BA2 /* Products */,
			);
			sourceTree = "<group>";
		};
		DD0FC0DD1BDDFFBD008B2BA2 /* Products */ = {
			isa = PBXGroup;
			children = (
				DD0FC0DC1BDDFFBD008B2BA2 /* control.app */,
				DD0FC0F51BDDFFBD008B2BA2 /* controlTests.xctest */,
				DD0FC1001BDDFFBD008B2BA2 /* controlUITests.xctest */,
			);
			name = Products;
			sourceTree = "<group>";
		};
		DD0FC0DE1BDDFFBD008B2BA2 /* control */ = {
			isa = PBXGroup;
			children = (
				DD454BF31BDE8BBF0095BBB8 /* AFNetworking */,
				DD454C071BDE8BBF0095BBB8 /* UIKit+AFNetworking */,
				DD0FC0E21BDDFFBD008B2BA2 /* AppDelegate.h */,
				DD0FC0E31BDDFFBD008B2BA2 /* AppDelegate.m */,
				DD0FC0E51BDDFFBD008B2BA2 /* ViewController.h */,
				DD0FC0E61BDDFFBD008B2BA2 /* ViewController.m */,
				DD0FC0E81BDDFFBD008B2BA2 /* Main.storyboard */,
				DD0FC0EB1BDDFFBD008B2BA2 /* Assets.xcassets */,
				DD0FC0ED1BDDFFBD008B2BA2 /* LaunchScreen.storyboard */,
				DD0FC0F01BDDFFBD008B2BA2 /* Info.plist */,
				DD0FC0DF1BDDFFBD008B2BA2 /* Supporting Files */,
			);
			path = control;
			sourceTree = "<group>";
		};
		DD0FC0DF1BDDFFBD008B2BA2 /* Supporting Files */ = {
			isa = PBXGroup;
			children = (
				DD0FC0E01BDDFFBD008B2BA2 /* main.m */,
			);
			name = "Supporting Files";
			sourceTree = "<group>";
		};
		DD0FC0F81BDDFFBD008B2BA2 /* controlTests */ = {
			isa = PBXGroup;
			children = (
				DD0FC0F91BDDFFBD008B2BA2 /* controlTests.m */,
				DD0FC0FB1BDDFFBD008B2BA2 /* Info.plist */,
			);
			path = controlTests;
			sourceTree = "<group>";
		};
		DD0FC1031BDDFFBD008B2BA2 /* controlUITests */ = {
			isa = PBXGroup;
			children = (
				DD0FC1041BDDFFBD008B2BA2 /* controlUITests.m */,
				DD0FC1061BDDFFBD008B2BA2 /* Info.plist */,
			);
			path = controlUITests;
			sourceTree = "<group>";
		};
		DD454BF31BDE8BBF0095BBB8 /* AFNetworking */ = {
			isa = PBXGroup;
			children = (
				DD454BF41BDE8BBF0095BBB8 /* AFHTTPRequestOperation.h */,
				DD454BF51BDE8BBF0095BBB8 /* AFHTTPRequestOperation.m */,
				DD454BF61BDE8BBF0095BBB8 /* AFHTTPRequestOperationManager.h */,
				DD454BF71BDE8BBF0095BBB8 /* AFHTTPRequestOperationManager.m */,
				DD454BF81BDE8BBF0095BBB8 /* AFHTTPSessionManager.h */,
				DD454BF91BDE8BBF0095BBB8 /* AFHTTPSessionManager.m */,
				DD454BFA1BDE8BBF0095BBB8 /* AFNetworking.h */,
				DD454BFB1BDE8BBF0095BBB8 /* AFNetworkReachabilityManager.h */,
				DD454BFC1BDE8BBF0095BBB8 /* AFNetworkReachabilityManager.m */,
				DD454BFD1BDE8BBF0095BBB8 /* AFSecurityPolicy.h */,
				DD454BFE1BDE8BBF0095BBB8 /* AFSecurityPolicy.m */,
				DD454BFF1BDE8BBF0095BBB8 /* AFURLConnectionOperation.h */,
				DD454C001BDE8BBF0095BBB8 /* AFURLConnectionOperation.m */,
				DD454C011BDE8BBF0095BBB8 /* AFURLRequestSerialization.h */,
				DD454C021BDE8BBF0095BBB8 /* AFURLRequestSerialization.m */,
				DD454C031BDE8BBF0095BBB8 /* AFURLResponseSerialization.h */,
				DD454C041BDE8BBF0095BBB8 /* AFURLResponseSerialization.m */,
				DD454C051BDE8BBF0095BBB8 /* AFURLSessionManager.h */,
				DD454C061BDE8BBF0095BBB8 /* AFURLSessionManager.m */,
			);
			path = AFNetworking;
			sourceTree = "<group>";
		};
		DD454C071BDE8BBF0095BBB8 /* UIKit+AFNetworking */ = {
			isa = PBXGroup;
			children = (
				DD454C081BDE8BBF0095BBB8 /* AFNetworkActivityIndicatorManager.h */,
				DD454C091BDE8BBF0095BBB8 /* AFNetworkActivityIndicatorManager.m */,
				DD454C0A1BDE8BBF0095BBB8 /* UIActivityIndicatorView+AFNetworking.h */,
				DD454C0B1BDE8BBF0095BBB8 /* UIActivityIndicatorView+AFNetworking.m */,
				DD454C0C1BDE8BBF0095BBB8 /* UIAlertView+AFNetworking.h */,
				DD454C0D1BDE8BBF0095BBB8 /* UIAlertView+AFNetworking.m */,
				DD454C0E1BDE8BBF0095BBB8 /* UIButton+AFNetworking.h */,
				DD454C0F1BDE8BBF0095BBB8 /* UIButton+AFNetworking.m */,
				DD454C101BDE8BBF0095BBB8 /* UIImage+AFNetworking.h */,
				DD454C111BDE8BBF0095BBB8 /* UIImageView+AFNetworking.h */,
				DD454C121BDE8BBF0095BBB8 /* UIImageView+AFNetworking.m */,
				DD454C131BDE8BBF0095BBB8 /* UIKit+AFNetworking.h */,
				DD454C141BDE8BBF0095BBB8 /* UIProgressView+AFNetworking.h */,
				DD454C151BDE8BBF0095BBB8 /* UIProgressView+AFNetworking.m */,
				DD454C161BDE8BBF0095BBB8 /* UIRefreshControl+AFNetworking.h */,
				DD454C171BDE8BBF0095BBB8 /* UIRefreshControl+AFNetworking.m */,
				DD454C181BDE8BBF0095BBB8 /* UIWebView+AFNetworking.h */,
				DD454C191BDE8BBF0095BBB8 /* UIWebView+AFNetworking.m */,
			);
			path = "UIKit+AFNetworking";
			sourceTree = "<group>";
		};
/* End PBXGroup section */

/* Begin PBXNativeTarget section */
		DD0FC0DB1BDDFFBD008B2BA2 /* control */ = {
			isa = PBXNativeTarget;
			buildConfigurationList = DD0FC1091BDDFFBD008B2BA2 /* Build configuration list for PBXNativeTarget "control" */;
			buildPhases = (
				DD0FC0D81BDDFFBD008B2BA2 /* Sources */,
				DD0FC0D91BDDFFBD008B2BA2 /* Frameworks */,
				DD0FC0DA1BDDFFBD008B2BA2 /* Resources */,
			);
			buildRules = (
			);
			dependencies = (
			);
			name = control;
			productName = control;
			productReference = DD0FC0DC1BDDFFBD008B2BA2 /* control.app */;
			productType = "com.apple.product-type.application";
		};
		DD0FC0F41BDDFFBD008B2BA2 /* controlTests */ = {
			isa = PBXNativeTarget;
			buildConfigurationList = DD0FC10C1BDDFFBD008B2BA2 /* Build configuration list for PBXNativeTarget "controlTests" */;
			buildPhases = (
				DD0FC0F11BDDFFBD008B2BA2 /* Sources */,
				DD0FC0F21BDDFFBD008B2BA2 /* Frameworks */,
				DD0FC0F31BDDFFBD008B2BA2 /* Resources */,
			);
			buildRules = (
			);
			dependencies = (
				DD0FC0F71BDDFFBD008B2BA2 /* PBXTargetDependency */,
			);
			name = controlTests;
			productName = controlTests;
			productReference = DD0FC0F51BDDFFBD008B2BA2 /* controlTests.xctest */;
			productType = "com.apple.product-type.bundle.unit-test";
		};
		DD0FC0FF1BDDFFBD008B2BA2 /* controlUITests */ = {
			isa = PBXNativeTarget;
			buildConfigurationList = DD0FC10F1BDDFFBD008B2BA2 /* Build configuration list for PBXNativeTarget "controlUITests" */;
			buildPhases = (
				DD0FC0FC1BDDFFBD008B2BA2 /* Sources */,
				DD0FC0FD1BDDFFBD008B2BA2 /* Frameworks */,
				DD0FC0FE1BDDFFBD008B2BA2 /* Resources */,
			);
			buildRules = (
			);
			dependencies = (
				DD0FC1021BDDFFBD008B2BA2 /* PBXTargetDependency */,
			);
			name = controlUITests;
			productName = controlUITests;
			productReference = DD0FC1001BDDFFBD008B2BA2 /* controlUITests.xctest */;
			productType = "com.apple.product-type.bundle.ui-testing";
		};
/* End PBXNativeTarget section */

/* Begin PBXProject section */
		DD0FC0D41BDDFFBD008B2BA2 /* Project object */ = {
			isa = PBXProject;
			attributes = {
				LastUpgradeCheck = 0710;
				ORGANIZATIONNAME = YANGYANG;
				TargetAttributes = {
					DD0FC0DB1BDDFFBD008B2BA2 = {
						CreatedOnToolsVersion = 7.1;
					};
					DD0FC0F41BDDFFBD008B2BA2 = {
						CreatedOnToolsVersion = 7.1;
						TestTargetID = DD0FC0DB1BDDFFBD008B2BA2;
					};
					DD0FC0FF1BDDFFBD008B2BA2 = {
						CreatedOnToolsVersion = 7.1;
						TestTargetID = DD0FC0DB1BDDFFBD008B2BA2;
					};
				};
			};
			buildConfigurationList = DD0FC0D71BDDFFBD008B2BA2 /* Build configuration list for PBXProject "control" */;
			compatibilityVersion = "Xcode 3.2";
			developmentRegion = English;
			hasScannedForEncodings = 0;
			knownRegions = (
				en,
				Base,
			);
			mainGroup = DD0FC0D31BDDFFBD008B2BA2;
			productRefGroup = DD0FC0DD1BDDFFBD008B2BA2 /* Products */;
			projectDirPath = "";
			projectRoot = "";
			targets = (
				DD0FC0DB1BDDFFBD008B2BA2 /* control */,
				DD0FC0F41BDDFFBD008B2BA2 /* controlTests */,
				DD0FC0FF1BDDFFBD008B2BA2 /* controlUITests */,
			);
		};
/* End PBXProject section */

/* Begin PBXResourcesBuildPhase section */
		DD0FC0DA1BDDFFBD008B2BA2 /* Resources */ = {
			isa = PBXResourcesBuildPhase;
			buildActionMask = 2147483647;
			files = (
				DD0FC0EF1BDDFFBD008B2BA2 /* LaunchScreen.storyboard in Resources */,
				DD0FC0EC1BDDFFBD008B2BA2 /* Assets.xcassets in Resources */,
				DD0FC0EA1BDDFFBD008B2BA2 /* Main.storyboard in Resources */,
			);
			runOnlyForDeploymentPostprocessing = 0;
		};
		DD0FC0F31BDDFFBD008B2BA2 /* Resources */ = {
			isa = PBXResourcesBuildPhase;
			buildActionMask = 2147483647;
			files = (
			);
			runOnlyForDeploymentPostprocessing = 0;
		};
		DD0FC0FE1BDDFFBD008B2BA2 /* Resources */ = {
			isa = PBXResourcesBuildPhase;
			buildActionMask = 2147483647;
			files = (
			);
			runOnlyForDeploymentPostprocessing = 0;
		};
/* End PBXResourcesBuildPhase section */

/* Begin PBXSourcesBuildPhase section */
		DD0FC0D81BDDFFBD008B2BA2 /* Sources */ = {
			isa = PBXSourcesBuildPhase;
			buildActionMask = 2147483647;
			files = (
				DD454C1A1BDE8BBF0095BBB8 /* AFHTTPRequestOperation.m in Sources */,
				DD454C271BDE8BBF0095BBB8 /* UIImageView+AFNetworking.m in Sources */,
				DD0FC0E71BDDFFBD008B2BA2 /* ViewController.m in Sources */,
				DD454C1B1BDE8BBF0095BBB8 /* AFHTTPRequestOperationManager.m in Sources */,
				DD454C281BDE8BBF0095BBB8 /* UIProgressView+AFNetworking.m in Sources */,
				DD454C1D1BDE8BBF0095BBB8 /* AFNetworkReachabilityManager.m in Sources */,
				DD454C211BDE8BBF0095BBB8 /* AFURLResponseSerialization.m in Sources */,
				DD454C1F1BDE8BBF0095BBB8 /* AFURLConnectionOperation.m in Sources */,
				DD454C261BDE8BBF0095BBB8 /* UIButton+AFNetworking.m in Sources */,
				DD454C241BDE8BBF0095BBB8 /* UIActivityIndicatorView+AFNetworking.m in Sources */,
				DD454C1E1BDE8BBF0095BBB8 /* AFSecurityPolicy.m in Sources */,
				DD454C291BDE8BBF0095BBB8 /* UIRefreshControl+AFNetworking.m in Sources */,
				DD454C2A1BDE8BBF0095BBB8 /* UIWebView+AFNetworking.m in Sources */,
				DD454C1C1BDE8BBF0095BBB8 /* AFHTTPSessionManager.m in Sources */,
				DD454C251BDE8BBF0095BBB8 /* UIAlertView+AFNetworking.m in Sources */,
				DD454C201BDE8BBF0095BBB8 /* AFURLRequestSerialization.m in Sources */,
				DD454C231BDE8BBF0095BBB8 /* AFNetworkActivityIndicatorManager.m in Sources */,
				DD454C221BDE8BBF0095BBB8 /* AFURLSessionManager.m in Sources */,
				DD0FC0E41BDDFFBD008B2BA2 /* AppDelegate.m in Sources */,
				DD0FC0E11BDDFFBD008B2BA2 /* main.m in Sources */,
			);
			runOnlyForDeploymentPostprocessing = 0;
		};
		DD0FC0F11BDDFFBD008B2BA2 /* Sources */ = {
			isa = PBXSourcesBuildPhase;
			buildActionMask = 2147483647;
			files = (
				DD0FC0FA1BDDFFBD008B2BA2 /* controlTests.m in Sources */,
			);
			runOnlyForDeploymentPostprocessing = 0;
		};
		DD0FC0FC1BDDFFBD008B2BA2 /* Sources */ = {
			isa = PBXSourcesBuildPhase;
			buildActionMask = 2147483647;
			files = (
				DD0FC1051BDDFFBD008B2BA2 /* controlUITests.m in Sources */,
			);
			runOnlyForDeploymentPostprocessing = 0;
		};
/* End PBXSourcesBuildPhase section */

/* Begin PBXTargetDependency section */
		DD0FC0F71BDDFFBD008B2BA2 /* PBXTargetDependency */ = {
			isa = PBXTargetDependency;
			target = DD0FC0DB1BDDFFBD008B2BA2 /* control */;
			targetProxy = DD0FC0F61BDDFFBD008B2BA2 /* PBXContainerItemProxy */;
		};
		DD0FC1021BDDFFBD008B2BA2 /* PBXTargetDependency */ = {
			isa = PBXTargetDependency;
			target = DD0FC0DB1BDDFFBD008B2BA2 /* control */;
			targetProxy = DD0FC1011BDDFFBD008B2BA2 /* PBXContainerItemProxy */;
		};
/* End PBXTargetDependency section */

/* Begin PBXVariantGroup section */
		DD0FC0E81BDDFFBD008B2BA2 /* Main.storyboard */ = {
			isa = PBXVariantGroup;
			children = (
				DD0FC0E91BDDFFBD008B2BA2 /* Base */,
			);
			name = Main.storyboard;
			sourceTree = "<group>";
		};
		DD0FC0ED1BDDFFBD008B2BA2 /* LaunchScreen.storyboard */ = {
			isa = PBXVariantGroup;
			children = (
				DD0FC0EE1BDDFFBD008B2BA2 /* Base */,
			);
			name = LaunchScreen.storyboard;
			sourceTree = "<group>";
		};
/* End PBXVariantGroup section */

/* Begin XCBuildConfiguration section */
		DD0FC1071BDDFFBD008B2BA2 /* Debug */ = {
			isa = XCBuildConfiguration;
			buildSettings = {
				ALWAYS_SEARCH_USER_PATHS = NO;
				CLANG_CXX_LANGUAGE_STANDARD = "gnu++0x";
				CLANG_CXX_LIBRARY = "libc++";
				CLANG_ENABLE_MODULES = YES;
				CLANG_ENABLE_OBJC_ARC = YES;
				CLANG_WARN_BOOL_CONVERSION = YES;
				CLANG_WARN_CONSTANT_CONVERSION = YES;
				CLANG_WARN_DIRECT_OBJC_ISA_USAGE = YES_ERROR;
				CLANG_WARN_EMPTY_BODY = YES;
				CLANG_WARN_ENUM_CONVERSION = YES;
				CLANG_WARN_INT_CONVERSION = YES;
				CLANG_WARN_OBJC_ROOT_CLASS = YES_ERROR;
				CLANG_WARN_UNREACHABLE_CODE = YES;
				CLANG_WARN__DUPLICATE_METHOD_MATCH = YES;
				"CODE_SIGN_IDENTITY[sdk=iphoneos*]" = "iPhone Developer";
				COPY_PHASE_STRIP = NO;
				DEBUG_INFORMATION_FORMAT = dwarf;
				ENABLE_STRICT_OBJC_MSGSEND = YES;
				ENABLE_TESTABILITY = YES;
				GCC_C_LANGUAGE_STANDARD = gnu99;
				GCC_DYNAMIC_NO_PIC = NO;
				GCC_NO_COMMON_BLOCKS = YES;
				GCC_OPTIMIZATION_LEVEL = 0;
				GCC_PREPROCESSOR_DEFINITIONS = (
					"DEBUG=1",
					"$(inherited)",
				);
				GCC_WARN_64_TO_32_BIT_CONVERSION = YES;
				GCC_WARN_ABOUT_RETURN_TYPE = YES_ERROR;
				GCC_WARN_UNDECLARED_SELECTOR = YES;
				GCC_WARN_UNINITIALIZED_AUTOS = YES_AGGRESSIVE;
				GCC_WARN_UNUSED_FUNCTION = YES;
				GCC_WARN_UNUSED_VARIABLE = YES;
				IPHONEOS_DEPLOYMENT_TARGET = 9.1;
				MTL_ENABLE_DEBUG_INFO = YES;
				ONLY_ACTIVE_ARCH = YES;
				SDKROOT = iphoneos;
				TARGETED_DEVICE_FAMILY = "1,2";
			};
			name = Debug;
		};
		DD0FC1081BDDFFBD008B2BA2 /* Release */ = {
			isa = XCBuildConfiguration;
			buildSettings = {
				ALWAYS_SEARCH_USER_PATHS = NO;
				CLANG_CXX_LANGUAGE_STANDARD = "gnu++0x";
				CLANG_CXX_LIBRARY = "libc++";
				CLANG_ENABLE_MODULES = YES;
				CLANG_ENABLE_OBJC_ARC = YES;
				CLANG_WARN_BOOL_CONVERSION = YES;
				CLANG_WARN_CONSTANT_CONVERSION = YES;
				CLANG_WARN_DIRECT_OBJC_ISA_USAGE = YES_ERROR;
				CLANG_WARN_EMPTY_BODY = YES;
				CLANG_WARN_ENUM_CONVERSION = YES;
				CLANG_WARN_INT_CONVERSION = YES;
				CLANG_WARN_OBJC_ROOT_CLASS = YES_ERROR;
				CLANG_WARN_UNREACHABLE_CODE = YES;
				CLANG_WARN__DUPLICATE_METHOD_MATCH = YES;
				"CODE_SIGN_IDENTITY[sdk=iphoneos*]" = "iPhone Developer";
				COPY_PHASE_STRIP = NO;
				DEBUG_INFORMATION_FORMAT = "dwarf-with-dsym";
				ENABLE_NS_ASSERTIONS = NO;
				ENABLE_STRICT_OBJC_MSGSEND = YES;
				GCC_C_LANGUAGE_STANDARD = gnu99;
				GCC_NO_COMMON_BLOCKS = YES;
				GCC_WARN_64_TO_32_BIT_CONVERSION = YES;
				GCC_WARN_ABOUT_RETURN_TYPE = YES_ERROR;
				GCC_WARN_UNDECLARED_SELECTOR = YES;
				GCC_WARN_UNINITIALIZED_AUTOS = YES_AGGRESSIVE;
				GCC_WARN_UNUSED_FUNCTION = YES;
				GCC_WARN_UNUSED_VARIABLE = YES;
				IPHONEOS_DEPLOYMENT_TARGET = 9.1;
				MTL_ENABLE_DEBUG_INFO = NO;
				SDKROOT = iphoneos;
				TARGETED_DEVICE_FAMILY = "1,2";
				VALIDATE_PRODUCT = YES;
			};
			name = Release;
		};
		DD0FC10A1BDDFFBD008B2BA2 /* Debug */ = {
			isa = XCBuildConfiguration;
			buildSettings = {
				ASSETCATALOG_COMPILER_APPICON_NAME = AppIcon;
				INFOPLIST_FILE = control/Info.plist;
				LD_RUNPATH_SEARCH_PATHS = "$(inherited) @executable_path/Frameworks";
				PRODUCT_BUNDLE_IDENTIFIER = MyFu.control;
				PRODUCT_NAME = "$(TARGET_NAME)";
			};
			name = Debug;
		};
		DD0FC10B1BDDFFBD008B2BA2 /* Release */ = {
			isa = XCBuildConfiguration;
			buildSettings = {
				ASSETCATALOG_COMPILER_APPICON_NAME = AppIcon;
				INFOPLIST_FILE = control/Info.plist;
				LD_RUNPATH_SEARCH_PATHS = "$(inherited) @executable_path/Frameworks";
				PRODUCT_BUNDLE_IDENTIFIER = MyFu.control;
				PRODUCT_NAME = "$(TARGET_NAME)";
			};
			name = Release;
		};
		DD0FC10D1BDDFFBD008B2BA2 /* Debug */ = {
			isa = XCBuildConfiguration;
			buildSettings = {
				BUNDLE_LOADER = "$(TEST_HOST)";
				INFOPLIST_FILE = controlTests/Info.plist;
				LD_RUNPATH_SEARCH_PATHS = "$(inherited) @executable_path/Frameworks @loader_path/Frameworks";
				PRODUCT_BUNDLE_IDENTIFIER = MyFu.controlTests;
				PRODUCT_NAME = "$(TARGET_NAME)";
				TEST_HOST = "$(BUILT_PRODUCTS_DIR)/control.app/control";
			};
			name = Debug;
		};
		DD0FC10E1BDDFFBD008B2BA2 /* Release */ = {
			isa = XCBuildConfiguration;
			buildSettings = {
				BUNDLE_LOADER = "$(TEST_HOST)";
				INFOPLIST_FILE = controlTests/Info.plist;
				LD_RUNPATH_SEARCH_PATHS = "$(inherited) @executable_path/Frameworks @loader_path/Frameworks";
				PRODUCT_BUNDLE_IDENTIFIER = MyFu.controlTests;
				PRODUCT_NAME = "$(TARGET_NAME)";
				TEST_HOST = "$(BUILT_PRODUCTS_DIR)/control.app/control";
			};
			name = Release;
		};
		DD0FC1101BDDFFBD008B2BA2 /* Debug */ = {
			isa = XCBuildConfiguration;
			buildSettings = {
				INFOPLIST_FILE = controlUITests/Info.plist;
				LD_RUNPATH_SEARCH_PATHS = "$(inherited) @executable_path/Frameworks @loader_path/Frameworks";
				PRODUCT_BUNDLE_IDENTIFIER = MyFu.controlUITests;
				PRODUCT_NAME = "$(TARGET_NAME)";
				TEST_TARGET_NAME = control;
				USES_XCTRUNNER = YES;
			};
			name = Debug;
		};
		DD0FC1111BDDFFBD008B2BA2 /* Release */ = {
			isa = XCBuildConfiguration;
			buildSettings = {
				INFOPLIST_FILE = controlUITests/Info.plist;
				LD_RUNPATH_SEARCH_PATHS = "$(inherited) @executable_path/Frameworks @loader_path/Frameworks";
				PRODUCT_BUNDLE_IDENTIFIER = MyFu.controlUITests;
				PRODUCT_NAME = "$(TARGET_NAME)";
				TEST_TARGET_NAME = control;
				USES_XCTRUNNER = YES;
			};
			name = Release;
		};
/* End XCBuildConfiguration section */

/* Begin XCConfigurationList section */
		DD0FC0D71BDDFFBD008B2BA2 /* Build configuration list for PBXProject "control" */ = {
			isa = XCConfigurationList;
			buildConfigurations = (
				DD0FC1071BDDFFBD008B2BA2 /* Debug */,
				DD0FC1081BDDFFBD008B2BA2 /* Release */,
			);
			defaultConfigurationIsVisible = 0;
			defaultConfigurationName = Release;
		};
		DD0FC1091BDDFFBD008B2BA2 /* Build configuration list for PBXNativeTarget "control" */ = {
			isa = XCConfigurationList;
			buildConfigurations = (
				DD0FC10A1BDDFFBD008B2BA2 /* Debug */,
				DD0FC10B1BDDFFBD008B2BA2 /* Release */,
			);
			defaultConfigurationIsVisible = 0;
			defaultConfigurationName = Release;
		};
		DD0FC10C1BDDFFBD008B2BA2 /* Build configuration list for PBXNativeTarget "controlTests" */ = {
			isa = XCConfigurationList;
			buildConfigurations = (
				DD0FC10D1BDDFFBD008B2BA2 /* Debug */,
				DD0FC10E1BDDFFBD008B2BA2 /* Release */,
			);
			defaultConfigurationIsVisible = 0;
			defaultConfigurationName = Release;
		};
		DD0FC10F1BDDFFBD008B2BA2 /* Build configuration list for PBXNativeTarget "controlUITests" */ = {
			isa = XCConfigurationList;
			buildConfigurations = (
				DD0FC1101BDDFFBD008B2BA2 /* Debug */,
				DD0FC1111BDDFFBD008B2BA2 /* Release */,
			);
			defaultConfigurationIsVisible = 0;
			defaultConfigurationName = Release;
		};
/* End XCConfigurationList section */
	};
	rootObject = DD0FC0D41BDDFFBD008B2BA2 /* Project object */;
}
