// !$*UTF8*$!
{
	archiveVersion = 1;
	classes = {
	};
	objectVersion = 46;
	objects = {

/* Begin PBXBuildFile section */
		DDD373651BBF249200D41874 /* main.m in Sources */ = {isa = PBXBuildFile; fileRef = DDD373641BBF249200D41874 /* main.m */; };
		DDD373681BBF249200D41874 /* AppDelegate.m in Sources */ = {isa = PBXBuildFile; fileRef = DDD373671BBF249200D41874 /* AppDelegate.m */; };
		DDD3736B1BBF249200D41874 /* FirstViewController.m in Sources */ = {isa = PBXBuildFile; fileRef = DDD3736A1BBF249200D41874 /* FirstViewController.m */; };
		DDD3736E1BBF249200D41874 /* SecondViewController.m in Sources */ = {isa = PBXBuildFile; fileRef = DDD3736D1BBF249200D41874 /* SecondViewController.m */; };
		DDD373711BBF249200D41874 /* Main.storyboard in Resources */ = {isa = PBXBuildFile; fileRef = DDD3736F1BBF249200D41874 /* Main.storyboard */; };
		DDD373731BBF249200D41874 /* Assets.xcassets in Resources */ = {isa = PBXBuildFile; fileRef = DDD373721BBF249200D41874 /* Assets.xcassets */; };
		DDD373761BBF249200D41874 /* LaunchScreen.storyboard in Resources */ = {isa = PBXBuildFile; fileRef = DDD373741BBF249200D41874 /* LaunchScreen.storyboard */; };
		DDD373811BBF249200D41874 /* drone_onair_appTests.m in Sources */ = {isa = PBXBuildFile; fileRef = DDD373801BBF249200D41874 /* drone_onair_appTests.m */; };
		DDD3738C1BBF249200D41874 /* drone_onair_appUITests.m in Sources */ = {isa = PBXBuildFile; fileRef = DDD3738B1BBF249200D41874 /* drone_onair_appUITests.m */; };
/* End PBXBuildFile section */

/* Begin PBXContainerItemProxy section */
		DDD3737D1BBF249200D41874 /* PBXContainerItemProxy */ = {
			isa = PBXContainerItemProxy;
			containerPortal = DDD373581BBF249200D41874 /* Project object */;
			proxyType = 1;
			remoteGlobalIDString = DDD3735F1BBF249200D41874;
			remoteInfo = drone_onair_app;
		};
		DDD373881BBF249200D41874 /* PBXContainerItemProxy */ = {
			isa = PBXContainerItemProxy;
			containerPortal = DDD373581BBF249200D41874 /* Project object */;
			proxyType = 1;
			remoteGlobalIDString = DDD3735F1BBF249200D41874;
			remoteInfo = drone_onair_app;
		};
/* End PBXContainerItemProxy section */

/* Begin PBXFileReference section */
		DDD373601BBF249200D41874 /* drone_onair_app.app */ = {isa = PBXFileReference; explicitFileType = wrapper.application; includeInIndex = 0; path = drone_onair_app.app; sourceTree = BUILT_PRODUCTS_DIR; };
		DDD373641BBF249200D41874 /* main.m */ = {isa = PBXFileReference; lastKnownFileType = sourcecode.c.objc; path = main.m; sourceTree = "<group>"; };
		DDD373661BBF249200D41874 /* AppDelegate.h */ = {isa = PBXFileReference; lastKnownFileType = sourcecode.c.h; path = AppDelegate.h; sourceTree = "<group>"; };
		DDD373671BBF249200D41874 /* AppDelegate.m */ = {isa = PBXFileReference; lastKnownFileType = sourcecode.c.objc; path = AppDelegate.m; sourceTree = "<group>"; };
		DDD373691BBF249200D41874 /* FirstViewController.h */ = {isa = PBXFileReference; lastKnownFileType = sourcecode.c.h; path = FirstViewController.h; sourceTree = "<group>"; };
		DDD3736A1BBF249200D41874 /* FirstViewController.m */ = {isa = PBXFileReference; lastKnownFileType = sourcecode.c.objc; path = FirstViewController.m; sourceTree = "<group>"; };
		DDD3736C1BBF249200D41874 /* SecondViewController.h */ = {isa = PBXFileReference; lastKnownFileType = sourcecode.c.h; path = SecondViewController.h; sourceTree = "<group>"; };
		DDD3736D1BBF249200D41874 /* SecondViewController.m */ = {isa = PBXFileReference; lastKnownFileType = sourcecode.c.objc; path = SecondViewController.m; sourceTree = "<group>"; };
		DDD373701BBF249200D41874 /* Base */ = {isa = PBXFileReference; lastKnownFileType = file.storyboard; name = Base; path = Base.lproj/Main.storyboard; sourceTree = "<group>"; };
		DDD373721BBF249200D41874 /* Assets.xcassets */ = {isa = PBXFileReference; lastKnownFileType = folder.assetcatalog; path = Assets.xcassets; sourceTree = "<group>"; };
		DDD373751BBF249200D41874 /* Base */ = {isa = PBXFileReference; lastKnownFileType = file.storyboard; name = Base; path = Base.lproj/LaunchScreen.storyboard; sourceTree = "<group>"; };
		DDD373771BBF249200D41874 /* Info.plist */ = {isa = PBXFileReference; lastKnownFileType = text.plist.xml; path = Info.plist; sourceTree = "<group>"; };
		DDD3737C1BBF249200D41874 /* drone_onair_appTests.xctest */ = {isa = PBXFileReference; explicitFileType = wrapper.cfbundle; includeInIndex = 0; path = drone_onair_appTests.xctest; sourceTree = BUILT_PRODUCTS_DIR; };
		DDD373801BBF249200D41874 /* drone_onair_appTests.m */ = {isa = PBXFileReference; lastKnownFileType = sourcecode.c.objc; path = drone_onair_appTests.m; sourceTree = "<group>"; };
		DDD373821BBF249200D41874 /* Info.plist */ = {isa = PBXFileReference; lastKnownFileType = text.plist.xml; path = Info.plist; sourceTree = "<group>"; };
		DDD373871BBF249200D41874 /* drone_onair_appUITests.xctest */ = {isa = PBXFileReference; explicitFileType = wrapper.cfbundle; includeInIndex = 0; path = drone_onair_appUITests.xctest; sourceTree = BUILT_PRODUCTS_DIR; };
		DDD3738B1BBF249200D41874 /* drone_onair_appUITests.m */ = {isa = PBXFileReference; lastKnownFileType = sourcecode.c.objc; path = drone_onair_appUITests.m; sourceTree = "<group>"; };
		DDD3738D1BBF249200D41874 /* Info.plist */ = {isa = PBXFileReference; lastKnownFileType = text.plist.xml; path = Info.plist; sourceTree = "<group>"; };
/* End PBXFileReference section */

/* Begin PBXFrameworksBuildPhase section */
		DDD3735D1BBF249200D41874 /* Frameworks */ = {
			isa = PBXFrameworksBuildPhase;
			buildActionMask = 2147483647;
			files = (
			);
			runOnlyForDeploymentPostprocessing = 0;
		};
		DDD373791BBF249200D41874 /* Frameworks */ = {
			isa = PBXFrameworksBuildPhase;
			buildActionMask = 2147483647;
			files = (
			);
			runOnlyForDeploymentPostprocessing = 0;
		};
		DDD373841BBF249200D41874 /* Frameworks */ = {
			isa = PBXFrameworksBuildPhase;
			buildActionMask = 2147483647;
			files = (
			);
			runOnlyForDeploymentPostprocessing = 0;
		};
/* End PBXFrameworksBuildPhase section */

/* Begin PBXGroup section */
		DDD373571BBF249200D41874 = {
			isa = PBXGroup;
			children = (
				DDD373621BBF249200D41874 /* drone_onair_app */,
				DDD3737F1BBF249200D41874 /* drone_onair_appTests */,
				DDD3738A1BBF249200D41874 /* drone_onair_appUITests */,
				DDD373611BBF249200D41874 /* Products */,
			);
			sourceTree = "<group>";
		};
		DDD373611BBF249200D41874 /* Products */ = {
			isa = PBXGroup;
			children = (
				DDD373601BBF249200D41874 /* drone_onair_app.app */,
				DDD3737C1BBF249200D41874 /* drone_onair_appTests.xctest */,
				DDD373871BBF249200D41874 /* drone_onair_appUITests.xctest */,
			);
			name = Products;
			sourceTree = "<group>";
		};
		DDD373621BBF249200D41874 /* drone_onair_app */ = {
			isa = PBXGroup;
			children = (
				DDD373661BBF249200D41874 /* AppDelegate.h */,
				DDD373671BBF249200D41874 /* AppDelegate.m */,
				DDD373691BBF249200D41874 /* FirstViewController.h */,
				DDD3736A1BBF249200D41874 /* FirstViewController.m */,
				DDD3736C1BBF249200D41874 /* SecondViewController.h */,
				DDD3736D1BBF249200D41874 /* SecondViewController.m */,
				DDD3736F1BBF249200D41874 /* Main.storyboard */,
				DDD373721BBF249200D41874 /* Assets.xcassets */,
				DDD373741BBF249200D41874 /* LaunchScreen.storyboard */,
				DDD373771BBF249200D41874 /* Info.plist */,
				DDD373631BBF249200D41874 /* Supporting Files */,
			);
			path = drone_onair_app;
			sourceTree = "<group>";
		};
		DDD373631BBF249200D41874 /* Supporting Files */ = {
			isa = PBXGroup;
			children = (
				DDD373641BBF249200D41874 /* main.m */,
			);
			name = "Supporting Files";
			sourceTree = "<group>";
		};
		DDD3737F1BBF249200D41874 /* drone_onair_appTests */ = {
			isa = PBXGroup;
			children = (
				DDD373801BBF249200D41874 /* drone_onair_appTests.m */,
				DDD373821BBF249200D41874 /* Info.plist */,
			);
			path = drone_onair_appTests;
			sourceTree = "<group>";
		};
		DDD3738A1BBF249200D41874 /* drone_onair_appUITests */ = {
			isa = PBXGroup;
			children = (
				DDD3738B1BBF249200D41874 /* drone_onair_appUITests.m */,
				DDD3738D1BBF249200D41874 /* Info.plist */,
			);
			path = drone_onair_appUITests;
			sourceTree = "<group>";
		};
/* End PBXGroup section */

/* Begin PBXNativeTarget section */
		DDD3735F1BBF249200D41874 /* drone_onair_app */ = {
			isa = PBXNativeTarget;
			buildConfigurationList = DDD373901BBF249200D41874 /* Build configuration list for PBXNativeTarget "drone_onair_app" */;
			buildPhases = (
				DDD3735C1BBF249200D41874 /* Sources */,
				DDD3735D1BBF249200D41874 /* Frameworks */,
				DDD3735E1BBF249200D41874 /* Resources */,
			);
			buildRules = (
			);
			dependencies = (
			);
			name = drone_onair_app;
			productName = drone_onair_app;
			productReference = DDD373601BBF249200D41874 /* drone_onair_app.app */;
			productType = "com.apple.product-type.application";
		};
		DDD3737B1BBF249200D41874 /* drone_onair_appTests */ = {
			isa = PBXNativeTarget;
			buildConfigurationList = DDD373931BBF249200D41874 /* Build configuration list for PBXNativeTarget "drone_onair_appTests" */;
			buildPhases = (
				DDD373781BBF249200D41874 /* Sources */,
				DDD373791BBF249200D41874 /* Frameworks */,
				DDD3737A1BBF249200D41874 /* Resources */,
			);
			buildRules = (
			);
			dependencies = (
				DDD3737E1BBF249200D41874 /* PBXTargetDependency */,
			);
			name = drone_onair_appTests;
			productName = drone_onair_appTests;
			productReference = DDD3737C1BBF249200D41874 /* drone_onair_appTests.xctest */;
			productType = "com.apple.product-type.bundle.unit-test";
		};
		DDD373861BBF249200D41874 /* drone_onair_appUITests */ = {
			isa = PBXNativeTarget;
			buildConfigurationList = DDD373961BBF249200D41874 /* Build configuration list for PBXNativeTarget "drone_onair_appUITests" */;
			buildPhases = (
				DDD373831BBF249200D41874 /* Sources */,
				DDD373841BBF249200D41874 /* Frameworks */,
				DDD373851BBF249200D41874 /* Resources */,
			);
			buildRules = (
			);
			dependencies = (
				DDD373891BBF249200D41874 /* PBXTargetDependency */,
			);
			name = drone_onair_appUITests;
			productName = drone_onair_appUITests;
			productReference = DDD373871BBF249200D41874 /* drone_onair_appUITests.xctest */;
			productType = "com.apple.product-type.bundle.ui-testing";
		};
/* End PBXNativeTarget section */

/* Begin PBXProject section */
		DDD373581BBF249200D41874 /* Project object */ = {
			isa = PBXProject;
			attributes = {
				LastUpgradeCheck = 0700;
				ORGANIZATIONNAME = YANGYANG;
				TargetAttributes = {
					DDD3735F1BBF249200D41874 = {
						CreatedOnToolsVersion = 7.0.1;
					};
					DDD3737B1BBF249200D41874 = {
						CreatedOnToolsVersion = 7.0.1;
						TestTargetID = DDD3735F1BBF249200D41874;
					};
					DDD373861BBF249200D41874 = {
						CreatedOnToolsVersion = 7.0.1;
						TestTargetID = DDD3735F1BBF249200D41874;
					};
				};
			};
			buildConfigurationList = DDD3735B1BBF249200D41874 /* Build configuration list for PBXProject "drone_onair_app" */;
			compatibilityVersion = "Xcode 3.2";
			developmentRegion = English;
			hasScannedForEncodings = 0;
			knownRegions = (
				en,
				Base,
			);
			mainGroup = DDD373571BBF249200D41874;
			productRefGroup = DDD373611BBF249200D41874 /* Products */;
			projectDirPath = "";
			projectRoot = "";
			targets = (
				DDD3735F1BBF249200D41874 /* drone_onair_app */,
				DDD3737B1BBF249200D41874 /* drone_onair_appTests */,
				DDD373861BBF249200D41874 /* drone_onair_appUITests */,
			);
		};
/* End PBXProject section */

/* Begin PBXResourcesBuildPhase section */
		DDD3735E1BBF249200D41874 /* Resources */ = {
			isa = PBXResourcesBuildPhase;
			buildActionMask = 2147483647;
			files = (
				DDD373761BBF249200D41874 /* LaunchScreen.storyboard in Resources */,
				DDD373731BBF249200D41874 /* Assets.xcassets in Resources */,
				DDD373711BBF249200D41874 /* Main.storyboard in Resources */,
			);
			runOnlyForDeploymentPostprocessing = 0;
		};
		DDD3737A1BBF249200D41874 /* Resources */ = {
			isa = PBXResourcesBuildPhase;
			buildActionMask = 2147483647;
			files = (
			);
			runOnlyForDeploymentPostprocessing = 0;
		};
		DDD373851BBF249200D41874 /* Resources */ = {
			isa = PBXResourcesBuildPhase;
			buildActionMask = 2147483647;
			files = (
			);
			runOnlyForDeploymentPostprocessing = 0;
		};
/* End PBXResourcesBuildPhase section */

/* Begin PBXSourcesBuildPhase section */
		DDD3735C1BBF249200D41874 /* Sources */ = {
			isa = PBXSourcesBuildPhase;
			buildActionMask = 2147483647;
			files = (
				DDD3736E1BBF249200D41874 /* SecondViewController.m in Sources */,
				DDD373681BBF249200D41874 /* AppDelegate.m in Sources */,
				DDD3736B1BBF249200D41874 /* FirstViewController.m in Sources */,
				DDD373651BBF249200D41874 /* main.m in Sources */,
			);
			runOnlyForDeploymentPostprocessing = 0;
		};
		DDD373781BBF249200D41874 /* Sources */ = {
			isa = PBXSourcesBuildPhase;
			buildActionMask = 2147483647;
			files = (
				DDD373811BBF249200D41874 /* drone_onair_appTests.m in Sources */,
			);
			runOnlyForDeploymentPostprocessing = 0;
		};
		DDD373831BBF249200D41874 /* Sources */ = {
			isa = PBXSourcesBuildPhase;
			buildActionMask = 2147483647;
			files = (
				DDD3738C1BBF249200D41874 /* drone_onair_appUITests.m in Sources */,
			);
			runOnlyForDeploymentPostprocessing = 0;
		};
/* End PBXSourcesBuildPhase section */

/* Begin PBXTargetDependency section */
		DDD3737E1BBF249200D41874 /* PBXTargetDependency */ = {
			isa = PBXTargetDependency;
			target = DDD3735F1BBF249200D41874 /* drone_onair_app */;
			targetProxy = DDD3737D1BBF249200D41874 /* PBXContainerItemProxy */;
		};
		DDD373891BBF249200D41874 /* PBXTargetDependency */ = {
			isa = PBXTargetDependency;
			target = DDD3735F1BBF249200D41874 /* drone_onair_app */;
			targetProxy = DDD373881BBF249200D41874 /* PBXContainerItemProxy */;
		};
/* End PBXTargetDependency section */

/* Begin PBXVariantGroup section */
		DDD3736F1BBF249200D41874 /* Main.storyboard */ = {
			isa = PBXVariantGroup;
			children = (
				DDD373701BBF249200D41874 /* Base */,
			);
			name = Main.storyboard;
			sourceTree = "<group>";
		};
		DDD373741BBF249200D41874 /* LaunchScreen.storyboard */ = {
			isa = PBXVariantGroup;
			children = (
				DDD373751BBF249200D41874 /* Base */,
			);
			name = LaunchScreen.storyboard;
			sourceTree = "<group>";
		};
/* End PBXVariantGroup section */

/* Begin XCBuildConfiguration section */
		DDD3738E1BBF249200D41874 /* Debug */ = {
			isa = XCBuildConfiguration;
			buildSettings = {
				ALWAYS_SEARCH_USER_PATHS = NO;
				CLANG_CXX_LANGUAGE_STANDARD = "gnu++0x";
				CLANG_CXX_LIBRARY = "libc++";
				CLANG_ENABLE_MODULES = YES;
				CLANG_ENABLE_OBJC_ARC = YES;
				CLANG_WARN_BOOL_CONVERSION = YES;
				CLANG_WARN_CONSTANT_CONVERSION = YES;
				CLANG_WARN_DIRECT_OBJC_ISA_USAGE = YES_ERROR;
				CLANG_WARN_EMPTY_BODY = YES;
				CLANG_WARN_ENUM_CONVERSION = YES;
				CLANG_WARN_INT_CONVERSION = YES;
				CLANG_WARN_OBJC_ROOT_CLASS = YES_ERROR;
				CLANG_WARN_UNREACHABLE_CODE = YES;
				CLANG_WARN__DUPLICATE_METHOD_MATCH = YES;
				"CODE_SIGN_IDENTITY[sdk=iphoneos*]" = "iPhone Developer";
				COPY_PHASE_STRIP = NO;
				DEBUG_INFORMATION_FORMAT = dwarf;
				ENABLE_STRICT_OBJC_MSGSEND = YES;
				ENABLE_TESTABILITY = YES;
				GCC_C_LANGUAGE_STANDARD = gnu99;
				GCC_DYNAMIC_NO_PIC = NO;
				GCC_NO_COMMON_BLOCKS = YES;
				GCC_OPTIMIZATION_LEVEL = 0;
				GCC_PREPROCESSOR_DEFINITIONS = (
					"DEBUG=1",
					"$(inherited)",
				);
				GCC_WARN_64_TO_32_BIT_CONVERSION = YES;
				GCC_WARN_ABOUT_RETURN_TYPE = YES_ERROR;
				GCC_WARN_UNDECLARED_SELECTOR = YES;
				GCC_WARN_UNINITIALIZED_AUTOS = YES_AGGRESSIVE;
				GCC_WARN_UNUSED_FUNCTION = YES;
				GCC_WARN_UNUSED_VARIABLE = YES;
				IPHONEOS_DEPLOYMENT_TARGET = 9.0;
				MTL_ENABLE_DEBUG_INFO = YES;
				ONLY_ACTIVE_ARCH = YES;
				SDKROOT = iphoneos;
				TARGETED_DEVICE_FAMILY = "1,2";
			};
			name = Debug;
		};
		DDD3738F1BBF249200D41874 /* Release */ = {
			isa = XCBuildConfiguration;
			buildSettings = {
				ALWAYS_SEARCH_USER_PATHS = NO;
				CLANG_CXX_LANGUAGE_STANDARD = "gnu++0x";
				CLANG_CXX_LIBRARY = "libc++";
				CLANG_ENABLE_MODULES = YES;
				CLANG_ENABLE_OBJC_ARC = YES;
				CLANG_WARN_BOOL_CONVERSION = YES;
				CLANG_WARN_CONSTANT_CONVERSION = YES;
				CLANG_WARN_DIRECT_OBJC_ISA_USAGE = YES_ERROR;
				CLANG_WARN_EMPTY_BODY = YES;
				CLANG_WARN_ENUM_CONVERSION = YES;
				CLANG_WARN_INT_CONVERSION = YES;
				CLANG_WARN_OBJC_ROOT_CLASS = YES_ERROR;
				CLANG_WARN_UNREACHABLE_CODE = YES;
				CLANG_WARN__DUPLICATE_METHOD_MATCH = YES;
				"CODE_SIGN_IDENTITY[sdk=iphoneos*]" = "iPhone Developer";
				COPY_PHASE_STRIP = NO;
				DEBUG_INFORMATION_FORMAT = "dwarf-with-dsym";
				ENABLE_NS_ASSERTIONS = NO;
				ENABLE_STRICT_OBJC_MSGSEND = YES;
				GCC_C_LANGUAGE_STANDARD = gnu99;
				GCC_NO_COMMON_BLOCKS = YES;
				GCC_WARN_64_TO_32_BIT_CONVERSION = YES;
				GCC_WARN_ABOUT_RETURN_TYPE = YES_ERROR;
				GCC_WARN_UNDECLARED_SELECTOR = YES;
				GCC_WARN_UNINITIALIZED_AUTOS = YES_AGGRESSIVE;
				GCC_WARN_UNUSED_FUNCTION = YES;
				GCC_WARN_UNUSED_VARIABLE = YES;
				IPHONEOS_DEPLOYMENT_TARGET = 9.0;
				MTL_ENABLE_DEBUG_INFO = NO;
				SDKROOT = iphoneos;
				TARGETED_DEVICE_FAMILY = "1,2";
				VALIDATE_PRODUCT = YES;
			};
			name = Release;
		};
		DDD373911BBF249200D41874 /* Debug */ = {
			isa = XCBuildConfiguration;
			buildSettings = {
				ASSETCATALOG_COMPILER_APPICON_NAME = AppIcon;
				INFOPLIST_FILE = drone_onair_app/Info.plist;
				LD_RUNPATH_SEARCH_PATHS = "$(inherited) @executable_path/Frameworks";
				PRODUCT_BUNDLE_IDENTIFIER = "MyFu.drone-onair-app";
				PRODUCT_NAME = "$(TARGET_NAME)";
			};
			name = Debug;
		};
		DDD373921BBF249200D41874 /* Release */ = {
			isa = XCBuildConfiguration;
			buildSettings = {
				ASSETCATALOG_COMPILER_APPICON_NAME = AppIcon;
				INFOPLIST_FILE = drone_onair_app/Info.plist;
				LD_RUNPATH_SEARCH_PATHS = "$(inherited) @executable_path/Frameworks";
				PRODUCT_BUNDLE_IDENTIFIER = "MyFu.drone-onair-app";
				PRODUCT_NAME = "$(TARGET_NAME)";
			};
			name = Release;
		};
		DDD373941BBF249200D41874 /* Debug */ = {
			isa = XCBuildConfiguration;
			buildSettings = {
				BUNDLE_LOADER = "$(TEST_HOST)";
				INFOPLIST_FILE = drone_onair_appTests/Info.plist;
				LD_RUNPATH_SEARCH_PATHS = "$(inherited) @executable_path/Frameworks @loader_path/Frameworks";
				PRODUCT_BUNDLE_IDENTIFIER = "MyFu.drone-onair-appTests";
				PRODUCT_NAME = "$(TARGET_NAME)";
				TEST_HOST = "$(BUILT_PRODUCTS_DIR)/drone_onair_app.app/drone_onair_app";
			};
			name = Debug;
		};
		DDD373951BBF249200D41874 /* Release */ = {
			isa = XCBuildConfiguration;
			buildSettings = {
				BUNDLE_LOADER = "$(TEST_HOST)";
				INFOPLIST_FILE = drone_onair_appTests/Info.plist;
				LD_RUNPATH_SEARCH_PATHS = "$(inherited) @executable_path/Frameworks @loader_path/Frameworks";
				PRODUCT_BUNDLE_IDENTIFIER = "MyFu.drone-onair-appTests";
				PRODUCT_NAME = "$(TARGET_NAME)";
				TEST_HOST = "$(BUILT_PRODUCTS_DIR)/drone_onair_app.app/drone_onair_app";
			};
			name = Release;
		};
		DDD373971BBF249200D41874 /* Debug */ = {
			isa = XCBuildConfiguration;
			buildSettings = {
				INFOPLIST_FILE = drone_onair_appUITests/Info.plist;
				LD_RUNPATH_SEARCH_PATHS = "$(inherited) @executable_path/Frameworks @loader_path/Frameworks";
				PRODUCT_BUNDLE_IDENTIFIER = "MyFu.drone-onair-appUITests";
				PRODUCT_NAME = "$(TARGET_NAME)";
				TEST_TARGET_NAME = drone_onair_app;
				USES_XCTRUNNER = YES;
			};
			name = Debug;
		};
		DDD373981BBF249200D41874 /* Release */ = {
			isa = XCBuildConfiguration;
			buildSettings = {
				INFOPLIST_FILE = drone_onair_appUITests/Info.plist;
				LD_RUNPATH_SEARCH_PATHS = "$(inherited) @executable_path/Frameworks @loader_path/Frameworks";
				PRODUCT_BUNDLE_IDENTIFIER = "MyFu.drone-onair-appUITests";
				PRODUCT_NAME = "$(TARGET_NAME)";
				TEST_TARGET_NAME = drone_onair_app;
				USES_XCTRUNNER = YES;
			};
			name = Release;
		};
/* End XCBuildConfiguration section */

/* Begin XCConfigurationList section */
		DDD3735B1BBF249200D41874 /* Build configuration list for PBXProject "drone_onair_app" */ = {
			isa = XCConfigurationList;
			buildConfigurations = (
				DDD3738E1BBF249200D41874 /* Debug */,
				DDD3738F1BBF249200D41874 /* Release */,
			);
			defaultConfigurationIsVisible = 0;
			defaultConfigurationName = Release;
		};
		DDD373901BBF249200D41874 /* Build configuration list for PBXNativeTarget "drone_onair_app" */ = {
			isa = XCConfigurationList;
			buildConfigurations = (
				DDD373911BBF249200D41874 /* Debug */,
				DDD373921BBF249200D41874 /* Release */,
			);
			defaultConfigurationIsVisible = 0;
		};
		DDD373931BBF249200D41874 /* Build configuration list for PBXNativeTarget "drone_onair_appTests" */ = {
			isa = XCConfigurationList;
			buildConfigurations = (
				DDD373941BBF249200D41874 /* Debug */,
				DDD373951BBF249200D41874 /* Release */,
			);
			defaultConfigurationIsVisible = 0;
		};
		DDD373961BBF249200D41874 /* Build configuration list for PBXNativeTarget "drone_onair_appUITests" */ = {
			isa = XCConfigurationList;
			buildConfigurations = (
				DDD373971BBF249200D41874 /* Debug */,
				DDD373981BBF249200D41874 /* Release */,
			);
			defaultConfigurationIsVisible = 0;
		};
/* End XCConfigurationList section */
	};
	rootObject = DDD373581BBF249200D41874 /* Project object */;
}
